{
  "version": 4,
  "terraform_version": "1.0.0",
  "serial": 635,
  "lineage": "cbb03bc6-d6c8-e32d-a512-d1c9cb5bdc7c",
  "outputs": {
    "azs": {
      "value": [
        "us-east-1a",
        "us-east-1b",
        "us-east-1c"
      ],
      "type": [
        "list",
        "string"
      ]
    },
    "cgw_arns": {
      "value": [],
      "type": [
        "tuple",
        []
      ]
    },
    "cgw_ids": {
      "value": [],
      "type": [
        "tuple",
        []
      ]
    },
    "database_internet_gateway_route_id": {
      "value": "",
      "type": "string"
    },
    "database_ipv6_egress_route_id": {
      "value": "",
      "type": "string"
    },
    "database_nat_gateway_route_ids": {
      "value": [],
      "type": [
        "tuple",
        []
      ]
    },
    "database_network_acl_arn": {
      "value": "",
      "type": "string"
    },
    "database_network_acl_id": {
      "value": "",
      "type": "string"
    },
    "database_route_table_association_ids": {
      "value": [],
      "type": [
        "tuple",
        []
      ]
    },
    "database_route_table_ids": {
      "value": [
        "rtb-0881f606db095ab97"
      ],
      "type": [
        "list",
        "string"
      ]
    },
    "database_subnet_arns": {
      "value": [],
      "type": [
        "tuple",
        []
      ]
    },
    "database_subnet_group": {
      "value": "",
      "type": "string"
    },
    "database_subnet_group_name": {
      "value": "",
      "type": "string"
    },
    "database_subnets": {
      "value": [],
      "type": [
        "tuple",
        []
      ]
    },
    "database_subnets_cidr_blocks": {
      "value": [],
      "type": [
        "tuple",
        []
      ]
    },
    "database_subnets_ipv6_cidr_blocks": {
      "value": [],
      "type": [
        "tuple",
        []
      ]
    },
    "default_route_table_id": {
      "value": "rtb-031ae6ac6f1491fa2",
      "type": "string"
    },
    "default_security_group_id": {
      "value": "sg-0d70b17df37264ac0",
      "type": "string"
    },
    "default_vpc_arn": {
      "value": "",
      "type": "string"
    },
    "default_vpc_cidr_block": {
      "value": "",
      "type": "string"
    },
    "default_vpc_default_network_acl_id": {
      "value": "",
      "type": "string"
    },
    "default_vpc_default_route_table_id": {
      "value": "",
      "type": "string"
    },
    "default_vpc_default_security_group_id": {
      "value": "",
      "type": "string"
    },
    "default_vpc_enable_dns_hostnames": {
      "value": "",
      "type": "string"
    },
    "default_vpc_enable_dns_support": {
      "value": "",
      "type": "string"
    },
    "default_vpc_id": {
      "value": "",
      "type": "string"
    },
    "default_vpc_instance_tenancy": {
      "value": "",
      "type": "string"
    },
    "default_vpc_main_route_table_id": {
      "value": "",
      "type": "string"
    },
    "egress_only_internet_gateway_id": {
      "value": "",
      "type": "string"
    },
    "elasticache_network_acl_arn": {
      "value": "",
      "type": "string"
    },
    "elasticache_network_acl_id": {
      "value": "",
      "type": "string"
    },
    "elasticache_route_table_association_ids": {
      "value": [],
      "type": [
        "tuple",
        []
      ]
    },
    "elasticache_route_table_ids": {
      "value": [
        "rtb-0881f606db095ab97"
      ],
      "type": [
        "list",
        "string"
      ]
    },
    "elasticache_subnet_arns": {
      "value": [],
      "type": [
        "tuple",
        []
      ]
    },
    "elasticache_subnet_group": {
      "value": "",
      "type": "string"
    },
    "elasticache_subnet_group_name": {
      "value": "",
      "type": "string"
    },
    "elasticache_subnets": {
      "value": [],
      "type": [
        "tuple",
        []
      ]
    },
    "elasticache_subnets_cidr_blocks": {
      "value": [],
      "type": [
        "tuple",
        []
      ]
    },
    "elasticache_subnets_ipv6_cidr_blocks": {
      "value": [],
      "type": [
        "tuple",
        []
      ]
    },
    "igw_arn": {
      "value": "arn:aws:ec2:us-east-1:726998074318:internet-gateway/igw-0e9824ba8a2ed0f47",
      "type": "string"
    },
    "igw_id": {
      "value": "igw-0e9824ba8a2ed0f47",
      "type": "string"
    },
    "intra_network_acl_arn": {
      "value": "",
      "type": "string"
    },
    "intra_network_acl_id": {
      "value": "",
      "type": "string"
    },
    "intra_route_table_association_ids": {
      "value": [],
      "type": [
        "tuple",
        []
      ]
    },
    "intra_route_table_ids": {
      "value": [],
      "type": [
        "tuple",
        []
      ]
    },
    "intra_subnet_arns": {
      "value": [],
      "type": [
        "tuple",
        []
      ]
    },
    "intra_subnets": {
      "value": [],
      "type": [
        "tuple",
        []
      ]
    },
    "intra_subnets_cidr_blocks": {
      "value": [],
      "type": [
        "tuple",
        []
      ]
    },
    "intra_subnets_ipv6_cidr_blocks": {
      "value": [],
      "type": [
        "tuple",
        []
      ]
    },
    "name": {
      "value": "shared-services",
      "type": "string"
    },
    "nat_ids": {
      "value": [
        "eipalloc-05ffafaa20ea653a7"
      ],
      "type": [
        "tuple",
        [
          "string"
        ]
      ]
    },
    "nat_public_ips": {
      "value": [
        "18.213.191.109"
      ],
      "type": [
        "list",
        "string"
      ]
    },
    "natgw_ids": {
      "value": [
        "nat-06761716f5ff9ac14"
      ],
      "type": [
        "tuple",
        [
          "string"
        ]
      ]
    },
    "outpost_network_acl_arn": {
      "value": "",
      "type": "string"
    },
    "outpost_network_acl_id": {
      "value": "",
      "type": "string"
    },
    "outpost_subnet_arns": {
      "value": [],
      "type": [
        "tuple",
        []
      ]
    },
    "outpost_subnets": {
      "value": [],
      "type": [
        "tuple",
        []
      ]
    },
    "outpost_subnets_cidr_blocks": {
      "value": [],
      "type": [
        "tuple",
        []
      ]
    },
    "outpost_subnets_ipv6_cidr_blocks": {
      "value": [],
      "type": [
        "tuple",
        []
      ]
    },
    "private_ipv6_egress_route_ids": {
      "value": [],
      "type": [
        "tuple",
        []
      ]
    },
    "private_nat_gateway_route_ids": {
      "value": [
        "r-rtb-0881f606db095ab971080289494"
      ],
      "type": [
        "tuple",
        [
          "string"
        ]
      ]
    },
    "private_network_acl_arn": {
      "value": "",
      "type": "string"
    },
    "private_network_acl_id": {
      "value": "",
      "type": "string"
    },
    "private_route_table_association_ids": {
      "value": [
        "rtbassoc-071f89173192d6f5d",
        "rtbassoc-00e9b76caf02b6ea1",
        "rtbassoc-0fea16a715b9d8d47"
      ],
      "type": [
        "tuple",
        [
          "string",
          "string",
          "string"
        ]
      ]
    },
    "private_route_table_ids": {
      "value": [
        "rtb-0881f606db095ab97"
      ],
      "type": [
        "tuple",
        [
          "string"
        ]
      ]
    },
    "private_subnet_arns": {
      "value": [
        "arn:aws:ec2:us-east-1:726998074318:subnet/subnet-0bd4707700b5fb3b3",
        "arn:aws:ec2:us-east-1:726998074318:subnet/subnet-03167ae0cc945bbae",
        "arn:aws:ec2:us-east-1:726998074318:subnet/subnet-0bf755d07d1b6b0ab"
      ],
      "type": [
        "tuple",
        [
          "string",
          "string",
          "string"
        ]
      ]
    },
    "private_subnets": {
      "value": [
        "subnet-0bd4707700b5fb3b3",
        "subnet-03167ae0cc945bbae",
        "subnet-0bf755d07d1b6b0ab"
      ],
      "type": [
        "tuple",
        [
          "string",
          "string",
          "string"
        ]
      ]
    },
    "private_subnets_cidr_blocks": {
      "value": [
        "10.0.1.0/24",
        "10.0.2.0/24",
        "10.0.3.0/24"
      ],
      "type": [
        "tuple",
        [
          "string",
          "string",
          "string"
        ]
      ]
    },
    "private_subnets_ipv6_cidr_blocks": {
      "value": [
        "",
        "",
        ""
      ],
      "type": [
        "tuple",
        [
          "string",
          "string",
          "string"
        ]
      ]
    },
    "public_internet_gateway_ipv6_route_id": {
      "value": "",
      "type": "string"
    },
    "public_internet_gateway_route_id": {
      "value": "r-rtb-08c547def0f99dfbd1080289494",
      "type": "string"
    },
    "public_network_acl_arn": {
      "value": "",
      "type": "string"
    },
    "public_network_acl_id": {
      "value": "",
      "type": "string"
    },
    "public_route_table_association_ids": {
      "value": [
        "rtbassoc-0bc8a03f366de1c2e",
        "rtbassoc-05f0fb9be2949f88e",
        "rtbassoc-0674e546577d2ab10"
      ],
      "type": [
        "tuple",
        [
          "string",
          "string",
          "string"
        ]
      ]
    },
    "public_route_table_ids": {
      "value": [
        "rtb-08c547def0f99dfbd"
      ],
      "type": [
        "tuple",
        [
          "string"
        ]
      ]
    },
    "public_subnet_arns": {
      "value": [
        "arn:aws:ec2:us-east-1:726998074318:subnet/subnet-0fcfc7de89f1c6133",
        "arn:aws:ec2:us-east-1:726998074318:subnet/subnet-0842d641587007c2e",
        "arn:aws:ec2:us-east-1:726998074318:subnet/subnet-0a36b8ad484b4b855"
      ],
      "type": [
        "tuple",
        [
          "string",
          "string",
          "string"
        ]
      ]
    },
    "public_subnets": {
      "value": [
        "subnet-0fcfc7de89f1c6133",
        "subnet-0842d641587007c2e",
        "subnet-0a36b8ad484b4b855"
      ],
      "type": [
        "tuple",
        [
          "string",
          "string",
          "string"
        ]
      ]
    },
    "public_subnets_cidr_blocks": {
      "value": [
        "10.0.17.0/24",
        "10.0.18.0/24",
        "10.0.19.0/24"
      ],
      "type": [
        "tuple",
        [
          "string",
          "string",
          "string"
        ]
      ]
    },
    "public_subnets_ipv6_cidr_blocks": {
      "value": [
        "",
        "",
        ""
      ],
      "type": [
        "tuple",
        [
          "string",
          "string",
          "string"
        ]
      ]
    },
    "redshift_network_acl_arn": {
      "value": "",
      "type": "string"
    },
    "redshift_network_acl_id": {
      "value": "",
      "type": "string"
    },
    "redshift_public_route_table_association_ids": {
      "value": [],
      "type": [
        "tuple",
        []
      ]
    },
    "redshift_route_table_association_ids": {
      "value": [],
      "type": [
        "tuple",
        []
      ]
    },
    "redshift_route_table_ids": {
      "value": [
        "rtb-0881f606db095ab97"
      ],
      "type": [
        "list",
        "string"
      ]
    },
    "redshift_subnet_arns": {
      "value": [],
      "type": [
        "tuple",
        []
      ]
    },
    "redshift_subnet_group": {
      "value": "",
      "type": "string"
    },
    "redshift_subnets": {
      "value": [],
      "type": [
        "tuple",
        []
      ]
    },
    "redshift_subnets_cidr_blocks": {
      "value": [],
      "type": [
        "tuple",
        []
      ]
    },
    "redshift_subnets_ipv6_cidr_blocks": {
      "value": [],
      "type": [
        "tuple",
        []
      ]
    },
    "this_customer_gateway": {
      "value": {},
      "type": [
        "object",
        {}
      ]
    },
    "vgw_arn": {
      "value": "",
      "type": "string"
    },
    "vgw_id": {
      "value": "",
      "type": "string"
    },
    "vpc_arn": {
      "value": "arn:aws:ec2:us-east-1:726998074318:vpc/vpc-0b9db42b0a586951d",
      "type": "string"
    },
    "vpc_cidr_block": {
      "value": "10.0.0.0/16",
      "type": "string"
    },
    "vpc_enable_dns_hostnames": {
      "value": true,
      "type": "bool"
    },
    "vpc_enable_dns_support": {
      "value": true,
      "type": "bool"
    },
    "vpc_flow_log_cloudwatch_iam_role_arn": {
      "value": "",
      "type": "string"
    },
    "vpc_flow_log_destination_arn": {
      "value": "",
      "type": "string"
    },
    "vpc_flow_log_destination_type": {
      "value": "cloud-watch-logs",
      "type": "string"
    },
    "vpc_flow_log_id": {
      "value": "",
      "type": "string"
    },
    "vpc_id": {
      "value": "vpc-0b9db42b0a586951d",
      "type": "string"
    },
    "vpc_instance_tenancy": {
      "value": "default",
      "type": "string"
    },
    "vpc_ipv6_association_id": {
      "value": "",
      "type": "string"
    },
    "vpc_ipv6_cidr_block": {
      "value": "",
      "type": "string"
    },
    "vpc_main_route_table_id": {
      "value": "rtb-031ae6ac6f1491fa2",
      "type": "string"
    },
    "vpc_owner_id": {
      "value": "726998074318",
      "type": "string"
    },
    "vpc_secondary_cidr_blocks": {
      "value": [],
      "type": [
        "tuple",
        []
      ]
    }
  },
  "resources": [
    {
      "mode": "data",
      "type": "aws_acm_certificate",
      "name": "shared",
      "provider": "provider[\"registry.terraform.io/hashicorp/aws\"]",
      "instances": [
        {
          "schema_version": 0,
          "attributes": {
            "arn": "arn:aws:acm:us-east-1:726998074318:certificate/cede831e-95b1-4af7-8771-868956038239",
            "domain": "*.services.rialtic.dev",
            "id": "arn:aws:acm:us-east-1:726998074318:certificate/cede831e-95b1-4af7-8771-868956038239",
            "key_types": null,
            "most_recent": false,
            "statuses": null,
            "tags": {},
            "types": null
          },
          "sensitive_attributes": []
        }
      ]
    },
    {
      "mode": "data",
      "type": "aws_ami",
      "name": "nexus",
      "provider": "provider[\"registry.terraform.io/hashicorp/aws\"]",
      "instances": [
        {
          "schema_version": 0,
          "attributes": {
            "architecture": "x86_64",
            "arn": "arn:aws:ec2:us-east-1::image/ami-05ea981fd2d8c08fb",
            "block_device_mappings": [
              {
                "device_name": "/dev/sdb",
                "ebs": {
                  "delete_on_termination": "false",
                  "encrypted": "false",
                  "iops": "0",
                  "snapshot_id": "snap-089d14fd6fd5176a7",
                  "throughput": "0",
                  "volume_size": "25",
                  "volume_type": "gp2"
                },
                "no_device": "",
                "virtual_name": ""
              },
              {
                "device_name": "/dev/xvda",
                "ebs": {
                  "delete_on_termination": "true",
                  "encrypted": "false",
                  "iops": "0",
                  "snapshot_id": "snap-07470503b6b6084ab",
                  "throughput": "0",
                  "volume_size": "8",
                  "volume_type": "gp2"
                },
                "no_device": "",
                "virtual_name": ""
              }
            ],
            "creation_date": "2021-06-30T22:42:45.000Z",
            "description": null,
            "ena_support": true,
            "executable_users": null,
            "filter": null,
            "hypervisor": "xen",
            "id": "ami-05ea981fd2d8c08fb",
            "image_id": "ami-05ea981fd2d8c08fb",
            "image_location": "726998074318/nexus-image-0.9.0-SNAPSHOT-1625092707",
            "image_owner_alias": null,
            "image_type": "machine",
            "kernel_id": null,
            "most_recent": true,
            "name": "nexus-image-0.9.0-SNAPSHOT-1625092707",
            "name_regex": null,
            "owner_id": "726998074318",
            "owners": [
              "self"
            ],
            "platform": null,
            "platform_details": "Linux/UNIX",
            "product_codes": [],
            "public": false,
            "ramdisk_id": null,
            "root_device_name": "/dev/xvda",
            "root_device_type": "ebs",
            "root_snapshot_id": "snap-07470503b6b6084ab",
            "sriov_net_support": "simple",
            "state": "available",
            "state_reason": {
              "code": "UNSET",
              "message": "UNSET"
            },
            "tags": {
              "CostCenter": "devsecops",
              "EOLDate": "2050-12-01",
              "Environment": "io.rialtic.bootstrap:nexus-image:0.9.0-SNAPSHOT:zip:prod",
              "Name": "nexus-image-0.9.0-SNAPSHOT",
              "Owner": "operations",
              "Prod": "true",
              "Source": "io.rialtic.bootstrap:nexus-image:0.9.0-SNAPSHOT"
            },
            "usage_operation": "RunInstances",
            "virtualization_type": "hvm"
          },
          "sensitive_attributes": []
        }
      ]
    },
    {
      "mode": "data",
      "type": "aws_route53_zone",
      "name": "zone",
      "provider": "provider[\"registry.terraform.io/hashicorp/aws\"]",
      "instances": [
        {
          "schema_version": 0,
          "attributes": {
            "caller_reference": "e87c75b8-1d75-404e-98aa-6d30b6e1e544",
            "comment": "",
            "id": "Z073049516JUMIK9IIZV5",
            "linked_service_description": null,
            "linked_service_principal": null,
            "name": "services.rialtic.dev",
            "name_servers": [
              "ns-187.awsdns-23.com",
              "ns-1088.awsdns-08.org",
              "ns-612.awsdns-12.net",
              "ns-1842.awsdns-38.co.uk"
            ],
            "private_zone": false,
            "resource_record_set_count": 5,
            "tags": {},
            "vpc_id": null,
            "zone_id": "Z073049516JUMIK9IIZV5"
          },
          "sensitive_attributes": []
        }
      ]
    },
    {
      "mode": "managed",
      "type": "aws_ebs_volume",
      "name": "varnexus",
      "provider": "provider[\"registry.terraform.io/hashicorp/aws\"]",
      "instances": [
        {
          "schema_version": 0,
          "attributes": {
            "arn": "arn:aws:ec2:us-east-1:726998074318:volume/vol-0a53f0a445d18d8d7",
            "availability_zone": "us-east-1a",
            "encrypted": true,
            "id": "vol-0a53f0a445d18d8d7",
            "iops": 100,
            "kms_key_id": "arn:aws:kms:us-east-1:726998074318:key/165b6b69-d964-4aeb-b7f2-fa2819c11b4d",
            "multi_attach_enabled": false,
            "outpost_arn": "",
            "size": 25,
            "snapshot_id": "",
            "tags": {
              "CostCenter": "devsecops",
              "EOLDate": "2050-12-01",
              "Environment": "io.rialtic.bootstrap:shared-services:0.9.0-SNAPSHOT:zip:prod",
              "Name": "artifacts Data Volume",
              "Owner": "operations",
              "Prod": "true",
              "Purpose": "(/var/nexus)",
              "Source": "io.rialtic.bootstrap:shared-services:0.9.0-SNAPSHOT",
              "Terraform": "true"
            },
            "tags_all": {
              "CostCenter": "devsecops",
              "EOLDate": "2050-12-01",
              "Environment": "io.rialtic.bootstrap:shared-services:0.9.0-SNAPSHOT:zip:prod",
              "Name": "artifacts Data Volume",
              "Owner": "operations",
              "Prod": "true",
              "Purpose": "(/var/nexus)",
              "Source": "io.rialtic.bootstrap:shared-services:0.9.0-SNAPSHOT",
              "Terraform": "true"
            },
            "throughput": 0,
            "type": "gp2"
          },
          "sensitive_attributes": [],
          "private": "bnVsbA==",
          "dependencies": [
            "aws_kms_key.nexus-key"
          ]
        }
      ]
    },
    {
      "mode": "managed",
      "type": "aws_iam_instance_profile",
      "name": "nexus_profile",
      "provider": "provider[\"registry.terraform.io/hashicorp/aws\"]",
      "instances": [
        {
          "schema_version": 0,
          "attributes": {
            "arn": "arn:aws:iam::726998074318:instance-profile/nexus_profile",
            "create_date": "2021-06-30T22:46:35Z",
            "id": "nexus_profile",
            "name": "nexus_profile",
            "name_prefix": null,
            "path": "/",
            "role": "cw_logging_role",
            "tags": {},
            "tags_all": {},
            "unique_id": "AIPA2SRDWIPHKQ7YMLUXK"
          },
          "sensitive_attributes": [],
          "private": "bnVsbA==",
          "dependencies": [
            "aws_iam_role.cw_logging_role"
          ],
          "create_before_destroy": true
        }
      ]
    },
    {
      "mode": "managed",
      "type": "aws_iam_role",
      "name": "cw_logging_role",
      "provider": "provider[\"registry.terraform.io/hashicorp/aws\"]",
      "instances": [
        {
          "schema_version": 0,
          "attributes": {
            "arn": "arn:aws:iam::726998074318:role/cw_logging_role",
            "assume_role_policy": "{\"Version\":\"2012-10-17\",\"Statement\":[{\"Sid\":\"\",\"Effect\":\"Allow\",\"Principal\":{\"Service\":\"ec2.amazonaws.com\"},\"Action\":\"sts:AssumeRole\"}]}",
            "create_date": "2021-06-30T22:46:34Z",
            "description": "",
            "force_detach_policies": false,
            "id": "cw_logging_role",
            "inline_policy": [
              {
                "name": "cw_logging_policy",
                "policy": "{\n    \"Version\": \"2012-10-17\",\n    \"Statement\": [\n        {\n            \"Sid\": \"VisualEditor0\",\n            \"Effect\": \"Allow\",\n            \"Action\": [\n                \"logs:CreateLogStream\",\n                \"logs:DescribeLogStreams\",\n                \"logs:CreateLogGroup\",\n                \"logs:PutLogEvents\"\n            ],\n            \"Resource\": \"*\"\n        }\n    ]\n}\n"
              }
            ],
            "managed_policy_arns": [],
            "max_session_duration": 3600,
            "name": "cw_logging_role",
            "name_prefix": null,
            "path": "/",
            "permissions_boundary": null,
            "tags": {
              "CostCenter": "devsecops",
              "EOLDate": "2050-12-01",
              "Environment": "io.rialtic.bootstrap:shared-services:0.9.0-SNAPSHOT:zip:prod",
              "Owner": "operations",
              "Prod": "true",
              "Source": "io.rialtic.bootstrap:shared-services:0.9.0-SNAPSHOT",
              "Terraform": "true"
            },
            "tags_all": {
              "CostCenter": "devsecops",
              "EOLDate": "2050-12-01",
              "Environment": "io.rialtic.bootstrap:shared-services:0.9.0-SNAPSHOT:zip:prod",
              "Owner": "operations",
              "Prod": "true",
              "Source": "io.rialtic.bootstrap:shared-services:0.9.0-SNAPSHOT",
              "Terraform": "true"
            },
            "unique_id": "AROA2SRDWIPHEREQA36JP"
          },
          "sensitive_attributes": [],
          "private": "bnVsbA==",
          "create_before_destroy": true
        }
      ]
    },
    {
      "mode": "managed",
      "type": "aws_iam_role_policy",
      "name": "cw_logging_policy",
      "provider": "provider[\"registry.terraform.io/hashicorp/aws\"]",
      "instances": [
        {
          "schema_version": 0,
          "attributes": {
            "id": "cw_logging_role:cw_logging_policy",
            "name": "cw_logging_policy",
            "name_prefix": null,
            "policy": "{\n    \"Version\": \"2012-10-17\",\n    \"Statement\": [\n        {\n            \"Sid\": \"VisualEditor0\",\n            \"Effect\": \"Allow\",\n            \"Action\": [\n                \"logs:CreateLogStream\",\n                \"logs:DescribeLogStreams\",\n                \"logs:CreateLogGroup\",\n                \"logs:PutLogEvents\"\n            ],\n            \"Resource\": \"*\"\n        }\n    ]\n}\n",
            "role": "cw_logging_role"
          },
          "sensitive_attributes": [],
          "private": "bnVsbA==",
          "dependencies": [
            "aws_iam_role.cw_logging_role"
          ]
        }
      ]
    },
    {
      "mode": "managed",
      "type": "aws_instance",
      "name": "nexus",
      "provider": "provider[\"registry.terraform.io/hashicorp/aws\"]",
      "instances": [
        {
          "schema_version": 1,
          "attributes": {
            "ami": "ami-05ea981fd2d8c08fb",
            "arn": "arn:aws:ec2:us-east-1:726998074318:instance/i-06ee4edc8918e1645",
            "associate_public_ip_address": true,
            "availability_zone": "us-east-1a",
            "capacity_reservation_specification": [
              {
                "capacity_reservation_preference": "open",
                "capacity_reservation_target": []
              }
            ],
            "cpu_core_count": 4,
            "cpu_threads_per_core": 2,
            "credit_specification": [
              {
                "cpu_credits": "unlimited"
              }
            ],
            "disable_api_termination": false,
            "ebs_block_device": [
              {
                "delete_on_termination": false,
                "device_name": "/dev/sdb",
                "encrypted": false,
                "iops": 100,
                "kms_key_id": "",
                "snapshot_id": "snap-089d14fd6fd5176a7",
                "tags": {},
                "throughput": 0,
                "volume_id": "vol-0704588c065d099d4",
                "volume_size": 25,
                "volume_type": "gp2"
              }
            ],
            "ebs_optimized": false,
            "enclave_options": [
              {
                "enabled": false
              }
            ],
            "ephemeral_block_device": [],
            "get_password_data": false,
            "hibernation": false,
            "host_id": null,
            "iam_instance_profile": "nexus_profile",
            "id": "i-06ee4edc8918e1645",
            "instance_initiated_shutdown_behavior": "stop",
            "instance_state": "running",
            "instance_type": "t3.2xlarge",
            "ipv6_address_count": 0,
            "ipv6_addresses": [],
            "key_name": "prod",
            "metadata_options": [
              {
                "http_endpoint": "enabled",
                "http_put_response_hop_limit": 1,
                "http_tokens": "optional"
              }
            ],
            "monitoring": true,
            "network_interface": [],
            "outpost_arn": "",
            "password_data": "",
            "placement_group": "",
            "primary_network_interface_id": "eni-051b4be49ef6f2a27",
            "private_dns": "ip-10-0-17-155.ec2.internal",
            "private_ip": "10.0.17.155",
            "public_dns": "ec2-54-234-53-15.compute-1.amazonaws.com",
            "public_ip": "54.234.53.15",
            "root_block_device": [
              {
                "delete_on_termination": true,
                "device_name": "/dev/xvda",
                "encrypted": false,
                "iops": 100,
                "kms_key_id": "",
                "tags": {},
                "throughput": 0,
                "volume_id": "vol-0e2cf399630b81cea",
                "volume_size": 8,
                "volume_type": "gp2"
              }
            ],
            "secondary_private_ips": [],
            "security_groups": [],
            "source_dest_check": true,
            "subnet_id": "subnet-0fcfc7de89f1c6133",
            "tags": {
              "CostCenter": "devsecops",
              "EOLDate": "2050-12-01",
              "Environment": "io.rialtic.bootstrap:shared-services:0.9.0-SNAPSHOT:zip:prod",
              "Name": "artifacts Nexus Server Instance",
              "Owner": "operations",
              "Prod": "true",
              "Purpose": "Nexus Server",
              "Source": "io.rialtic.bootstrap:shared-services:0.9.0-SNAPSHOT",
              "Terraform": "true"
            },
            "tags_all": {
              "CostCenter": "devsecops",
              "EOLDate": "2050-12-01",
              "Environment": "io.rialtic.bootstrap:shared-services:0.9.0-SNAPSHOT:zip:prod",
              "Name": "artifacts Nexus Server Instance",
              "Owner": "operations",
              "Prod": "true",
              "Purpose": "Nexus Server",
              "Source": "io.rialtic.bootstrap:shared-services:0.9.0-SNAPSHOT",
              "Terraform": "true"
            },
            "tenancy": "default",
            "timeouts": null,
            "user_data": null,
            "user_data_base64": null,
            "volume_tags": {
              "CostCenter": "devsecops",
              "EOLDate": "2050-12-01",
              "Environment": "io.rialtic.bootstrap:shared-services:0.9.0-SNAPSHOT:zip:prod",
              "Name": "Nexus Instance Volume",
              "Owner": "operations",
              "Prod": "true",
              "Purpose": "Nexus Server",
              "Source": "io.rialtic.bootstrap:shared-services:0.9.0-SNAPSHOT",
              "Terraform": "true"
            },
            "vpc_security_group_ids": [
              "sg-0d7e9271a932689ed"
            ]
          },
          "sensitive_attributes": [],
          "private": "eyJlMmJmYjczMC1lY2FhLTExZTYtOGY4OC0zNDM2M2JjN2M0YzAiOnsiY3JlYXRlIjo2MDAwMDAwMDAwMDAsImRlbGV0ZSI6MTIwMDAwMDAwMDAwMCwidXBkYXRlIjo2MDAwMDAwMDAwMDB9LCJzY2hlbWFfdmVyc2lvbiI6IjEifQ==",
          "dependencies": [
            "module.sharedservicesvpc.aws_vpc.this",
            "module.sharedservicesvpc.aws_vpc_ipv4_cidr_block_association.this",
            "aws_iam_instance_profile.nexus_profile",
            "aws_iam_role.cw_logging_role",
            "aws_security_group.nexus-instance",
            "data.aws_ami.nexus",
            "module.sharedservicesvpc.aws_subnet.public"
          ],
          "create_before_destroy": true
        }
      ]
    },
    {
      "mode": "managed",
      "type": "aws_kms_key",
      "name": "nexus-key",
      "provider": "provider[\"registry.terraform.io/hashicorp/aws\"]",
      "instances": [
        {
          "schema_version": 0,
          "attributes": {
            "arn": "arn:aws:kms:us-east-1:726998074318:key/165b6b69-d964-4aeb-b7f2-fa2819c11b4d",
            "customer_master_key_spec": "SYMMETRIC_DEFAULT",
            "deletion_window_in_days": 30,
            "description": "Nexus Blobstore Encryption Key",
            "enable_key_rotation": true,
            "id": "165b6b69-d964-4aeb-b7f2-fa2819c11b4d",
            "is_enabled": true,
            "key_id": "165b6b69-d964-4aeb-b7f2-fa2819c11b4d",
            "key_usage": "ENCRYPT_DECRYPT",
            "policy": "{\"Id\":\"key-default-1\",\"Statement\":[{\"Action\":\"kms:*\",\"Effect\":\"Allow\",\"Principal\":{\"AWS\":\"arn:aws:iam::726998074318:root\"},\"Resource\":\"*\",\"Sid\":\"Enable IAM User Permissions\"}],\"Version\":\"2012-10-17\"}",
            "tags": {
              "CostCenter": "devsecops",
              "EOLDate": "2050-12-01",
              "Environment": "io.rialtic.bootstrap:shared-services:0.9.0-SNAPSHOT:zip:prod",
              "Name": "Nexus Encryption Key",
              "Owner": "operations",
              "Prod": "true",
              "Purpose": "Nexus Blobstore and EBS Encryption",
              "Source": "io.rialtic.bootstrap:shared-services:0.9.0-SNAPSHOT",
              "Terraform": "true"
            },
            "tags_all": {
              "CostCenter": "devsecops",
              "EOLDate": "2050-12-01",
              "Environment": "io.rialtic.bootstrap:shared-services:0.9.0-SNAPSHOT:zip:prod",
              "Name": "Nexus Encryption Key",
              "Owner": "operations",
              "Prod": "true",
              "Purpose": "Nexus Blobstore and EBS Encryption",
              "Source": "io.rialtic.bootstrap:shared-services:0.9.0-SNAPSHOT",
              "Terraform": "true"
            }
          },
          "sensitive_attributes": [],
          "private": "bnVsbA=="
        }
      ]
    },
    {
      "mode": "managed",
      "type": "aws_route53_record",
      "name": "artifacts",
      "provider": "provider[\"registry.terraform.io/hashicorp/aws\"]",
      "instances": [
        {
          "schema_version": 2,
          "attributes": {
            "alias": [
              {
                "evaluate_target_health": true,
                "name": "nexus-lb-470583461.us-east-1.elb.amazonaws.com",
                "zone_id": "Z35SXDOTRQ7X7K"
              }
            ],
            "allow_overwrite": null,
            "failover_routing_policy": [],
            "fqdn": "artifacts.services.rialtic.dev",
            "geolocation_routing_policy": [],
            "health_check_id": "",
            "id": "Z073049516JUMIK9IIZV5_artifacts.services.rialtic.dev_A",
            "latency_routing_policy": [],
            "multivalue_answer_routing_policy": null,
            "name": "artifacts.services.rialtic.dev",
            "records": [],
            "set_identifier": "",
            "ttl": 0,
            "type": "A",
            "weighted_routing_policy": [],
            "zone_id": "Z073049516JUMIK9IIZV5"
          },
          "sensitive_attributes": [],
          "private": "eyJzY2hlbWFfdmVyc2lvbiI6IjIifQ==",
          "dependencies": [
            "data.aws_route53_zone.zone",
            "module.log_bucket.aws_s3_bucket.this",
            "module.log_bucket.data.aws_iam_policy_document.combined",
            "module.log_bucket.data.aws_iam_policy_document.deny_insecure_transport",
            "module.sharedservicesvpc.aws_vpc_ipv4_cidr_block_association.this",
            "aws_security_group.https-lb",
            "module.alb.aws_lb.this",
            "module.log_bucket.aws_s3_bucket_policy.this",
            "module.log_bucket.data.aws_elb_service_account.this",
            "module.log_bucket.data.aws_iam_policy_document.elb_log_delivery",
            "module.log_bucket.data.aws_iam_policy_document.lb_log_delivery",
            "module.sharedservicesvpc.aws_subnet.public",
            "module.sharedservicesvpc.aws_vpc.this"
          ]
        }
      ]
    },
    {
      "mode": "managed",
      "type": "aws_security_group",
      "name": "https-lb",
      "provider": "provider[\"registry.terraform.io/hashicorp/aws\"]",
      "instances": [
        {
          "schema_version": 1,
          "attributes": {
            "arn": "arn:aws:ec2:us-east-1:726998074318:security-group/sg-0798dc4a465fee998",
            "description": "Allow 443 inbound traffic",
            "egress": [
              {
                "cidr_blocks": [
                  "0.0.0.0/0"
                ],
                "description": "",
                "from_port": 0,
                "ipv6_cidr_blocks": [],
                "prefix_list_ids": [],
                "protocol": "-1",
                "security_groups": [],
                "self": false,
                "to_port": 0
              }
            ],
            "id": "sg-0798dc4a465fee998",
            "ingress": [
              {
                "cidr_blocks": [
                  "0.0.0.0/0"
                ],
                "description": "Inbound https",
                "from_port": 443,
                "ipv6_cidr_blocks": [],
                "prefix_list_ids": [],
                "protocol": "tcp",
                "security_groups": [],
                "self": false,
                "to_port": 443
              },
              {
                "cidr_blocks": [
                  "0.0.0.0/0"
                ],
                "description": "Inbound",
                "from_port": 80,
                "ipv6_cidr_blocks": [],
                "prefix_list_ids": [],
                "protocol": "tcp",
                "security_groups": [],
                "self": false,
                "to_port": 80
              }
            ],
            "name": "HTTPS LB",
            "name_prefix": "",
            "owner_id": "726998074318",
            "revoke_rules_on_delete": false,
            "tags": {
              "CostCenter": "devsecops",
              "EOLDate": "2050-12-01",
              "Environment": "io.rialtic.bootstrap:shared-services:0.9.0-SNAPSHOT:zip:prod",
              "Name": "HTTPS Inbound",
              "Owner": "operations",
              "Prod": "true",
              "Purpose": "Allow https to Nexus Instance",
              "Source": "io.rialtic.bootstrap:shared-services:0.9.0-SNAPSHOT",
              "Terraform": "true"
            },
            "tags_all": {
              "CostCenter": "devsecops",
              "EOLDate": "2050-12-01",
              "Environment": "io.rialtic.bootstrap:shared-services:0.9.0-SNAPSHOT:zip:prod",
              "Name": "HTTPS Inbound",
              "Owner": "operations",
              "Prod": "true",
              "Purpose": "Allow https to Nexus Instance",
              "Source": "io.rialtic.bootstrap:shared-services:0.9.0-SNAPSHOT",
              "Terraform": "true"
            },
            "timeouts": null,
            "vpc_id": "vpc-0b9db42b0a586951d"
          },
          "sensitive_attributes": [],
          "private": "eyJlMmJmYjczMC1lY2FhLTExZTYtOGY4OC0zNDM2M2JjN2M0YzAiOnsiY3JlYXRlIjo2MDAwMDAwMDAwMDAsImRlbGV0ZSI6OTAwMDAwMDAwMDAwfSwic2NoZW1hX3ZlcnNpb24iOiIxIn0=",
          "dependencies": [
            "module.sharedservicesvpc.aws_vpc.this"
          ],
          "create_before_destroy": true
        }
      ]
    },
    {
      "mode": "managed",
      "type": "aws_security_group",
      "name": "nexus-instance",
      "provider": "provider[\"registry.terraform.io/hashicorp/aws\"]",
      "instances": [
        {
          "schema_version": 1,
          "attributes": {
            "arn": "arn:aws:ec2:us-east-1:726998074318:security-group/sg-0d7e9271a932689ed",
            "description": "Allow 8081 inbound traffic",
            "egress": [
              {
                "cidr_blocks": [
                  "0.0.0.0/0"
                ],
                "description": "",
                "from_port": 0,
                "ipv6_cidr_blocks": [],
                "prefix_list_ids": [],
                "protocol": "-1",
                "security_groups": [],
                "self": false,
                "to_port": 0
              }
            ],
            "id": "sg-0d7e9271a932689ed",
            "ingress": [
              {
                "cidr_blocks": [],
                "description": "",
                "from_port": 8081,
                "ipv6_cidr_blocks": [],
                "prefix_list_ids": [],
                "protocol": "tcp",
                "security_groups": [
                  "sg-0798dc4a465fee998"
                ],
                "self": false,
                "to_port": 8081
              }
            ],
            "name": "Nexus Instance SG",
            "name_prefix": "",
            "owner_id": "726998074318",
            "revoke_rules_on_delete": false,
            "tags": {
              "CostCenter": "devsecops",
              "EOLDate": "2050-12-01",
              "Environment": "io.rialtic.bootstrap:shared-services:0.9.0-SNAPSHOT:zip:prod",
              "Name": "Nexus Instance SG",
              "Owner": "operations",
              "Prod": "true",
              "Purpose": "Allow IO to Nexus Instance",
              "Source": "io.rialtic.bootstrap:shared-services:0.9.0-SNAPSHOT",
              "Terraform": "true"
            },
            "tags_all": {
              "CostCenter": "devsecops",
              "EOLDate": "2050-12-01",
              "Environment": "io.rialtic.bootstrap:shared-services:0.9.0-SNAPSHOT:zip:prod",
              "Name": "Nexus Instance SG",
              "Owner": "operations",
              "Prod": "true",
              "Purpose": "Allow IO to Nexus Instance",
              "Source": "io.rialtic.bootstrap:shared-services:0.9.0-SNAPSHOT",
              "Terraform": "true"
            },
            "timeouts": null,
            "vpc_id": "vpc-0b9db42b0a586951d"
          },
          "sensitive_attributes": [],
          "private": "eyJlMmJmYjczMC1lY2FhLTExZTYtOGY4OC0zNDM2M2JjN2M0YzAiOnsiY3JlYXRlIjo2MDAwMDAwMDAwMDAsImRlbGV0ZSI6OTAwMDAwMDAwMDAwfSwic2NoZW1hX3ZlcnNpb24iOiIxIn0=",
          "dependencies": [
            "module.sharedservicesvpc.aws_vpc.this"
          ],
          "create_before_destroy": true
        }
      ]
    },
    {
      "mode": "managed",
      "type": "aws_security_group_rule",
      "name": "inbound",
      "provider": "provider[\"registry.terraform.io/hashicorp/aws\"]",
      "instances": [
        {
          "schema_version": 2,
          "attributes": {
            "cidr_blocks": [],
            "description": "",
            "from_port": 8081,
            "id": "sgrule-3938104960",
            "ipv6_cidr_blocks": [],
            "prefix_list_ids": [],
            "protocol": "tcp",
            "security_group_id": "sg-0d7e9271a932689ed",
            "self": false,
            "source_security_group_id": "sg-0798dc4a465fee998",
            "to_port": 8081,
            "type": "ingress"
          },
          "sensitive_attributes": [],
          "private": "eyJzY2hlbWFfdmVyc2lvbiI6IjIifQ==",
          "dependencies": [
            "aws_security_group.nexus-instance",
            "module.sharedservicesvpc.aws_vpc.this",
            "aws_security_group.https-lb"
          ]
        }
      ]
    },
    {
      "module": "module.alb",
      "mode": "managed",
      "type": "aws_lb",
      "name": "this",
      "provider": "provider[\"registry.terraform.io/hashicorp/aws\"]",
      "instances": [
        {
          "index_key": 0,
          "schema_version": 0,
          "attributes": {
            "access_logs": [
              {
                "bucket": "rialtic-nexus-logbucket",
                "enabled": true,
                "prefix": "artifacts"
              }
            ],
            "arn": "arn:aws:elasticloadbalancing:us-east-1:726998074318:loadbalancer/app/nexus-lb/f25ce4e096e1435e",
            "arn_suffix": "app/nexus-lb/f25ce4e096e1435e",
            "customer_owned_ipv4_pool": "",
            "dns_name": "nexus-lb-470583461.us-east-1.elb.amazonaws.com",
            "drop_invalid_header_fields": false,
            "enable_cross_zone_load_balancing": null,
            "enable_deletion_protection": false,
            "enable_http2": false,
            "id": "arn:aws:elasticloadbalancing:us-east-1:726998074318:loadbalancer/app/nexus-lb/f25ce4e096e1435e",
            "idle_timeout": 60,
            "internal": false,
            "ip_address_type": "ipv4",
            "load_balancer_type": "application",
            "name": "nexus-lb",
            "name_prefix": null,
            "security_groups": [
              "sg-0798dc4a465fee998"
            ],
            "subnet_mapping": [
              {
                "allocation_id": "",
                "ipv6_address": "",
                "outpost_id": "",
                "private_ipv4_address": "",
                "subnet_id": "subnet-0842d641587007c2e"
              },
              {
                "allocation_id": "",
                "ipv6_address": "",
                "outpost_id": "",
                "private_ipv4_address": "",
                "subnet_id": "subnet-0a36b8ad484b4b855"
              },
              {
                "allocation_id": "",
                "ipv6_address": "",
                "outpost_id": "",
                "private_ipv4_address": "",
                "subnet_id": "subnet-0fcfc7de89f1c6133"
              }
            ],
            "subnets": [
              "subnet-0842d641587007c2e",
              "subnet-0a36b8ad484b4b855",
              "subnet-0fcfc7de89f1c6133"
            ],
            "tags": {
              "CostCenter": "devsecops",
              "EOLDate": "2050-12-01",
              "Environment": "io.rialtic.bootstrap:shared-services:0.9.0-SNAPSHOT:zip:prod",
              "Name": "nexus-lb",
              "Owner": "operations",
              "Prod": "true",
              "Purpose": "Nexus Load Balancing",
              "Source": "io.rialtic.bootstrap:shared-services:0.9.0-SNAPSHOT",
              "Terraform": "true"
            },
            "tags_all": {
              "CostCenter": "devsecops",
              "EOLDate": "2050-12-01",
              "Environment": "io.rialtic.bootstrap:shared-services:0.9.0-SNAPSHOT:zip:prod",
              "Name": "nexus-lb",
              "Owner": "operations",
              "Prod": "true",
              "Purpose": "Nexus Load Balancing",
              "Source": "io.rialtic.bootstrap:shared-services:0.9.0-SNAPSHOT",
              "Terraform": "true"
            },
            "timeouts": {
              "create": "10m",
              "delete": "10m",
              "update": "10m"
            },
            "vpc_id": "vpc-0b9db42b0a586951d",
            "zone_id": "Z35SXDOTRQ7X7K"
          },
          "sensitive_attributes": [],
          "private": "eyJlMmJmYjczMC1lY2FhLTExZTYtOGY4OC0zNDM2M2JjN2M0YzAiOnsiY3JlYXRlIjo2MDAwMDAwMDAwMDAsImRlbGV0ZSI6NjAwMDAwMDAwMDAwLCJ1cGRhdGUiOjYwMDAwMDAwMDAwMH19",
          "dependencies": [
            "module.log_bucket.aws_s3_bucket_policy.this",
            "module.log_bucket.data.aws_iam_policy_document.elb_log_delivery",
            "module.sharedservicesvpc.aws_vpc_ipv4_cidr_block_association.this",
            "aws_security_group.https-lb",
            "module.log_bucket.data.aws_elb_service_account.this",
            "module.log_bucket.data.aws_iam_policy_document.combined",
            "module.log_bucket.data.aws_iam_policy_document.deny_insecure_transport",
            "module.log_bucket.data.aws_iam_policy_document.lb_log_delivery",
            "module.sharedservicesvpc.aws_subnet.public",
            "module.sharedservicesvpc.aws_vpc.this",
            "module.log_bucket.aws_s3_bucket.this"
          ],
          "create_before_destroy": true
        }
      ]
    },
    {
      "module": "module.alb",
      "mode": "managed",
      "type": "aws_lb_listener",
      "name": "frontend_http_tcp",
      "provider": "provider[\"registry.terraform.io/hashicorp/aws\"]",
      "instances": [
        {
          "index_key": 0,
          "schema_version": 0,
          "attributes": {
            "alpn_policy": null,
            "arn": "arn:aws:elasticloadbalancing:us-east-1:726998074318:listener/app/nexus-lb/f25ce4e096e1435e/ec0d7587aecaf005",
            "certificate_arn": null,
            "default_action": [
              {
                "authenticate_cognito": [],
                "authenticate_oidc": [],
                "fixed_response": [],
                "forward": [],
                "order": 1,
                "redirect": [
                  {
                    "host": "#{host}",
                    "path": "/#{path}",
                    "port": "443",
                    "protocol": "HTTPS",
                    "query": "#{query}",
                    "status_code": "HTTP_301"
                  }
                ],
                "target_group_arn": "",
                "type": "redirect"
              }
            ],
            "id": "arn:aws:elasticloadbalancing:us-east-1:726998074318:listener/app/nexus-lb/f25ce4e096e1435e/ec0d7587aecaf005",
            "load_balancer_arn": "arn:aws:elasticloadbalancing:us-east-1:726998074318:loadbalancer/app/nexus-lb/f25ce4e096e1435e",
            "port": 80,
            "protocol": "HTTP",
            "ssl_policy": "",
            "tags": {
              "CostCenter": "devsecops",
              "EOLDate": "2050-12-01",
              "Environment": "io.rialtic.bootstrap:shared-services:0.9.0-SNAPSHOT:zip:prod",
              "Name": "Nexus Load Balancer",
              "Owner": "operations",
              "Prod": "true",
              "Purpose": "Nexus Load Balancing",
              "Source": "io.rialtic.bootstrap:shared-services:0.9.0-SNAPSHOT",
              "Terraform": "true"
            },
            "tags_all": {
              "CostCenter": "devsecops",
              "EOLDate": "2050-12-01",
              "Environment": "io.rialtic.bootstrap:shared-services:0.9.0-SNAPSHOT:zip:prod",
              "Name": "Nexus Load Balancer",
              "Owner": "operations",
              "Prod": "true",
              "Purpose": "Nexus Load Balancing",
              "Source": "io.rialtic.bootstrap:shared-services:0.9.0-SNAPSHOT",
              "Terraform": "true"
            },
            "timeouts": null
          },
          "sensitive_attributes": [],
          "private": "eyJlMmJmYjczMC1lY2FhLTExZTYtOGY4OC0zNDM2M2JjN2M0YzAiOnsicmVhZCI6NjAwMDAwMDAwMDAwfX0=",
          "dependencies": [
            "module.alb.aws_lb_target_group.main",
            "module.log_bucket.data.aws_iam_policy_document.elb_log_delivery",
            "module.log_bucket.data.aws_iam_policy_document.lb_log_delivery",
            "module.sharedservicesvpc.aws_vpc.this",
            "aws_security_group.nexus-instance",
            "data.aws_ami.nexus",
            "module.alb.aws_lb.this",
            "module.log_bucket.data.aws_iam_policy_document.combined",
            "aws_iam_role.cw_logging_role",
            "module.log_bucket.aws_s3_bucket_policy.this",
            "module.log_bucket.data.aws_elb_service_account.this",
            "module.log_bucket.data.aws_iam_policy_document.deny_insecure_transport",
            "module.sharedservicesvpc.aws_vpc_ipv4_cidr_block_association.this",
            "aws_instance.nexus",
            "aws_security_group.https-lb",
            "module.log_bucket.aws_s3_bucket.this",
            "module.sharedservicesvpc.aws_subnet.public",
            "aws_iam_instance_profile.nexus_profile"
          ]
        }
      ]
    },
    {
      "module": "module.alb",
      "mode": "managed",
      "type": "aws_lb_listener",
      "name": "frontend_https",
      "provider": "provider[\"registry.terraform.io/hashicorp/aws\"]",
      "instances": [
        {
          "index_key": 0,
          "schema_version": 0,
          "attributes": {
            "alpn_policy": null,
            "arn": "arn:aws:elasticloadbalancing:us-east-1:726998074318:listener/app/nexus-lb/f25ce4e096e1435e/3ac21b7bce2f842b",
            "certificate_arn": "arn:aws:acm:us-east-1:726998074318:certificate/cede831e-95b1-4af7-8771-868956038239",
            "default_action": [
              {
                "authenticate_cognito": [],
                "authenticate_oidc": [],
                "fixed_response": [],
                "forward": [],
                "order": 1,
                "redirect": [],
                "target_group_arn": "arn:aws:elasticloadbalancing:us-east-1:726998074318:targetgroup/nexus-20210630224945836900000001/bfc5c2ffaec63452",
                "type": "forward"
              }
            ],
            "id": "arn:aws:elasticloadbalancing:us-east-1:726998074318:listener/app/nexus-lb/f25ce4e096e1435e/3ac21b7bce2f842b",
            "load_balancer_arn": "arn:aws:elasticloadbalancing:us-east-1:726998074318:loadbalancer/app/nexus-lb/f25ce4e096e1435e",
            "port": 443,
            "protocol": "HTTPS",
            "ssl_policy": "ELBSecurityPolicy-2016-08",
            "tags": {
              "CostCenter": "devsecops",
              "EOLDate": "2050-12-01",
              "Environment": "io.rialtic.bootstrap:shared-services:0.9.0-SNAPSHOT:zip:prod",
              "Name": "Nexus Load Balancer",
              "Owner": "operations",
              "Prod": "true",
              "Purpose": "Nexus Load Balancing",
              "Source": "io.rialtic.bootstrap:shared-services:0.9.0-SNAPSHOT",
              "Terraform": "true"
            },
            "tags_all": {
              "CostCenter": "devsecops",
              "EOLDate": "2050-12-01",
              "Environment": "io.rialtic.bootstrap:shared-services:0.9.0-SNAPSHOT:zip:prod",
              "Name": "Nexus Load Balancer",
              "Owner": "operations",
              "Prod": "true",
              "Purpose": "Nexus Load Balancing",
              "Source": "io.rialtic.bootstrap:shared-services:0.9.0-SNAPSHOT",
              "Terraform": "true"
            },
            "timeouts": null
          },
          "sensitive_attributes": [],
          "private": "eyJlMmJmYjczMC1lY2FhLTExZTYtOGY4OC0zNDM2M2JjN2M0YzAiOnsicmVhZCI6NjAwMDAwMDAwMDAwfX0=",
          "dependencies": [
            "module.log_bucket.aws_s3_bucket.this",
            "module.log_bucket.aws_s3_bucket_policy.this",
            "module.log_bucket.data.aws_iam_policy_document.elb_log_delivery",
            "module.sharedservicesvpc.aws_subnet.public",
            "aws_iam_role.cw_logging_role",
            "aws_instance.nexus",
            "aws_security_group.nexus-instance",
            "module.log_bucket.data.aws_iam_policy_document.combined",
            "module.sharedservicesvpc.aws_vpc.this",
            "module.sharedservicesvpc.aws_vpc_ipv4_cidr_block_association.this",
            "aws_security_group.https-lb",
            "module.log_bucket.data.aws_elb_service_account.this",
            "data.aws_ami.nexus",
            "module.alb.aws_lb.this",
            "module.alb.aws_lb_target_group.main",
            "module.log_bucket.data.aws_iam_policy_document.deny_insecure_transport",
            "module.log_bucket.data.aws_iam_policy_document.lb_log_delivery",
            "aws_iam_instance_profile.nexus_profile",
            "data.aws_acm_certificate.shared"
          ]
        }
      ]
    },
    {
      "module": "module.alb",
      "mode": "managed",
      "type": "aws_lb_target_group",
      "name": "main",
      "provider": "provider[\"registry.terraform.io/hashicorp/aws\"]",
      "instances": [
        {
          "index_key": 0,
          "schema_version": 0,
          "attributes": {
            "arn": "arn:aws:elasticloadbalancing:us-east-1:726998074318:targetgroup/nexus-20210630224945836900000001/bfc5c2ffaec63452",
            "arn_suffix": "targetgroup/nexus-20210630224945836900000001/bfc5c2ffaec63452",
            "deregistration_delay": 10,
            "health_check": [
              {
                "enabled": true,
                "healthy_threshold": 3,
                "interval": 5,
                "matcher": "200",
                "path": "/",
                "port": "traffic-port",
                "protocol": "HTTP",
                "timeout": 2,
                "unhealthy_threshold": 3
              }
            ],
            "id": "arn:aws:elasticloadbalancing:us-east-1:726998074318:targetgroup/nexus-20210630224945836900000001/bfc5c2ffaec63452",
            "lambda_multi_value_headers_enabled": false,
            "load_balancing_algorithm_type": "round_robin",
            "name": "nexus-20210630224945836900000001",
            "name_prefix": "nexus-",
            "port": 8081,
            "preserve_client_ip": null,
            "protocol": "HTTP",
            "protocol_version": "HTTP1",
            "proxy_protocol_v2": false,
            "slow_start": 0,
            "stickiness": [
              {
                "cookie_duration": 86400,
                "cookie_name": "",
                "enabled": false,
                "type": "lb_cookie"
              }
            ],
            "tags": {
              "CostCenter": "devsecops",
              "EOLDate": "2050-12-01",
              "Environment": "io.rialtic.bootstrap:shared-services:0.9.0-SNAPSHOT:zip:prod",
              "InstanceTargetGroupTag": "baz",
              "Name": "nexus-",
              "Owner": "operations",
              "Prod": "true",
              "Purpose": "Nexus Load Balancing",
              "Source": "io.rialtic.bootstrap:shared-services:0.9.0-SNAPSHOT",
              "Terraform": "true"
            },
            "tags_all": {
              "CostCenter": "devsecops",
              "EOLDate": "2050-12-01",
              "Environment": "io.rialtic.bootstrap:shared-services:0.9.0-SNAPSHOT:zip:prod",
              "InstanceTargetGroupTag": "baz",
              "Name": "nexus-",
              "Owner": "operations",
              "Prod": "true",
              "Purpose": "Nexus Load Balancing",
              "Source": "io.rialtic.bootstrap:shared-services:0.9.0-SNAPSHOT",
              "Terraform": "true"
            },
            "target_type": "instance",
            "vpc_id": "vpc-0b9db42b0a586951d"
          },
          "sensitive_attributes": [],
          "private": "bnVsbA==",
          "dependencies": [
            "module.log_bucket.data.aws_elb_service_account.this",
            "module.log_bucket.data.aws_iam_policy_document.combined",
            "module.log_bucket.data.aws_iam_policy_document.deny_insecure_transport",
            "module.log_bucket.data.aws_iam_policy_document.lb_log_delivery",
            "module.sharedservicesvpc.aws_subnet.public",
            "aws_iam_instance_profile.nexus_profile",
            "aws_iam_role.cw_logging_role",
            "aws_instance.nexus",
            "module.sharedservicesvpc.aws_vpc.this",
            "module.sharedservicesvpc.aws_vpc_ipv4_cidr_block_association.this",
            "aws_security_group.https-lb",
            "module.alb.aws_lb.this",
            "module.log_bucket.aws_s3_bucket.this",
            "aws_security_group.nexus-instance",
            "data.aws_ami.nexus",
            "module.log_bucket.aws_s3_bucket_policy.this",
            "module.log_bucket.data.aws_iam_policy_document.elb_log_delivery"
          ],
          "create_before_destroy": true
        }
      ]
    },
    {
      "module": "module.alb",
      "mode": "managed",
      "type": "aws_lb_target_group_attachment",
      "name": "this",
      "provider": "provider[\"registry.terraform.io/hashicorp/aws\"]",
      "instances": [
        {
          "index_key": "0.0",
          "schema_version": 0,
          "attributes": {
            "availability_zone": null,
            "id": "arn:aws:elasticloadbalancing:us-east-1:726998074318:targetgroup/nexus-20210630224945836900000001/bfc5c2ffaec63452-20210630224947656600000002",
            "port": 8081,
            "target_group_arn": "arn:aws:elasticloadbalancing:us-east-1:726998074318:targetgroup/nexus-20210630224945836900000001/bfc5c2ffaec63452",
            "target_id": "i-06ee4edc8918e1645"
          },
          "sensitive_attributes": [],
          "private": "bnVsbA==",
          "dependencies": [
            "aws_security_group.nexus-instance",
            "module.log_bucket.data.aws_iam_policy_document.lb_log_delivery",
            "module.sharedservicesvpc.aws_vpc_ipv4_cidr_block_association.this",
            "module.alb.aws_lb_target_group.main",
            "module.log_bucket.aws_s3_bucket.this",
            "module.log_bucket.data.aws_iam_policy_document.combined",
            "module.log_bucket.data.aws_iam_policy_document.elb_log_delivery",
            "module.sharedservicesvpc.aws_subnet.public",
            "module.sharedservicesvpc.aws_vpc.this",
            "aws_iam_role.cw_logging_role",
            "aws_instance.nexus",
            "module.log_bucket.data.aws_iam_policy_document.deny_insecure_transport",
            "aws_iam_instance_profile.nexus_profile",
            "aws_security_group.https-lb",
            "data.aws_ami.nexus",
            "module.alb.aws_lb.this",
            "module.log_bucket.aws_s3_bucket_policy.this",
            "module.log_bucket.data.aws_elb_service_account.this"
          ]
        }
      ]
    },
    {
      "module": "module.endpoints",
      "mode": "data",
      "type": "aws_vpc_endpoint_service",
      "name": "this",
      "provider": "provider[\"registry.terraform.io/hashicorp/aws\"]",
      "instances": [
        {
          "index_key": "s3",
          "schema_version": 0,
          "attributes": {
            "acceptance_required": false,
            "arn": "arn:aws:ec2:us-east-1:726998074318:vpc-endpoint-service/vpce-svc-0aa7c06513d4872d5",
            "availability_zones": [
              "us-east-1a",
              "us-east-1b",
              "us-east-1c",
              "us-east-1d",
              "us-east-1e",
              "us-east-1f"
            ],
            "base_endpoint_dns_names": [
              "s3.us-east-1.amazonaws.com"
            ],
            "filter": [
              {
                "name": "service-type",
                "values": [
                  "Gateway"
                ]
              }
            ],
            "id": "195798706",
            "manages_vpc_endpoints": false,
            "owner": "amazon",
            "private_dns_name": "",
            "service": "s3",
            "service_id": "vpce-svc-0aa7c06513d4872d5",
            "service_name": "com.amazonaws.us-east-1.s3",
            "service_type": "Gateway",
            "tags": {},
            "vpc_endpoint_policy_supported": true
          },
          "sensitive_attributes": []
        }
      ]
    },
    {
      "module": "module.endpoints",
      "mode": "managed",
      "type": "aws_vpc_endpoint",
      "name": "this",
      "provider": "provider[\"registry.terraform.io/hashicorp/aws\"]",
      "instances": [
        {
          "index_key": "s3",
          "schema_version": 0,
          "attributes": {
            "arn": "arn:aws:ec2:us-east-1:726998074318:vpc-endpoint/vpce-0e70f2fb9f942cdfd",
            "auto_accept": null,
            "cidr_blocks": [
              "54.231.0.0/17",
              "52.216.0.0/15",
              "3.5.0.0/18"
            ],
            "dns_entry": [],
            "id": "vpce-0e70f2fb9f942cdfd",
            "network_interface_ids": [],
            "owner_id": "726998074318",
            "policy": "{\"Statement\":[{\"Action\":\"*\",\"Effect\":\"Allow\",\"Principal\":\"*\",\"Resource\":\"*\"}],\"Version\":\"2008-10-17\"}",
            "prefix_list_id": "pl-63a5400a",
            "private_dns_enabled": false,
            "requester_managed": false,
            "route_table_ids": [
              "rtb-0881f606db095ab97",
              "rtb-08c547def0f99dfbd"
            ],
            "security_group_ids": [],
            "service_name": "com.amazonaws.us-east-1.s3",
            "state": "available",
            "subnet_ids": [],
            "tags": {
              "CostCenter": "devsecops",
              "EOLDate": "2050-12-01",
              "Environment": "io.rialtic.bootstrap:shared-services:0.9.0-SNAPSHOT:zip:prod",
              "Name": "Shared Services S3 Endpoint",
              "Owner": "operations",
              "Prod": "true",
              "Purpose": "Prevent Use of NAT Gateway for private S3",
              "Source": "io.rialtic.bootstrap:shared-services:0.9.0-SNAPSHOT",
              "Terraform": "true"
            },
            "tags_all": {
              "CostCenter": "devsecops",
              "EOLDate": "2050-12-01",
              "Environment": "io.rialtic.bootstrap:shared-services:0.9.0-SNAPSHOT:zip:prod",
              "Name": "Shared Services S3 Endpoint",
              "Owner": "operations",
              "Prod": "true",
              "Purpose": "Prevent Use of NAT Gateway for private S3",
              "Source": "io.rialtic.bootstrap:shared-services:0.9.0-SNAPSHOT",
              "Terraform": "true"
            },
            "timeouts": {
              "create": "10m",
              "delete": "10m",
              "update": "10m"
            },
            "vpc_endpoint_type": "Gateway",
            "vpc_id": "vpc-0b9db42b0a586951d"
          },
          "sensitive_attributes": [],
          "private": "eyJlMmJmYjczMC1lY2FhLTExZTYtOGY4OC0zNDM2M2JjN2M0YzAiOnsiY3JlYXRlIjo2MDAwMDAwMDAwMDAsImRlbGV0ZSI6NjAwMDAwMDAwMDAwLCJ1cGRhdGUiOjYwMDAwMDAwMDAwMH19",
          "dependencies": [
            "module.sharedservicesvpc.aws_route_table.public",
            "module.sharedservicesvpc.aws_vpc.this",
            "module.sharedservicesvpc.aws_vpc_ipv4_cidr_block_association.this",
            "module.endpoints.data.aws_vpc_endpoint_service.this",
            "module.sharedservicesvpc.aws_route_table.intra",
            "module.sharedservicesvpc.aws_route_table.private"
          ]
        }
      ]
    },
    {
      "module": "module.log_bucket",
      "mode": "data",
      "type": "aws_elb_service_account",
      "name": "this",
      "provider": "provider[\"registry.terraform.io/hashicorp/aws\"]",
      "instances": [
        {
          "index_key": 0,
          "schema_version": 0,
          "attributes": {
            "arn": "arn:aws:iam::127311923021:root",
            "id": "127311923021",
            "region": null
          },
          "sensitive_attributes": []
        }
      ]
    },
    {
      "module": "module.log_bucket",
      "mode": "data",
      "type": "aws_iam_policy_document",
      "name": "combined",
      "provider": "provider[\"registry.terraform.io/hashicorp/aws\"]",
      "instances": [
        {
          "index_key": 0,
          "schema_version": 0,
          "attributes": {
            "id": "1419437064",
            "json": "{\n  \"Version\": \"2012-10-17\",\n  \"Statement\": [\n    {\n      \"Sid\": \"\",\n      \"Effect\": \"Allow\",\n      \"Action\": \"s3:PutObject\",\n      \"Resource\": \"arn:aws:s3:::rialtic-nexus-logbucket/*\",\n      \"Principal\": {\n        \"AWS\": \"arn:aws:iam::127311923021:root\"\n      }\n    },\n    {\n      \"Sid\": \"AWSLogDeliveryWrite\",\n      \"Effect\": \"Allow\",\n      \"Action\": \"s3:PutObject\",\n      \"Resource\": \"arn:aws:s3:::rialtic-nexus-logbucket/*\",\n      \"Principal\": {\n        \"Service\": \"delivery.logs.amazonaws.com\"\n      },\n      \"Condition\": {\n        \"StringEquals\": {\n          \"s3:x-amz-acl\": [\n            \"bucket-owner-full-control\"\n          ]\n        }\n      }\n    },\n    {\n      \"Sid\": \"AWSLogDeliveryAclCheck\",\n      \"Effect\": \"Allow\",\n      \"Action\": \"s3:GetBucketAcl\",\n      \"Resource\": \"arn:aws:s3:::rialtic-nexus-logbucket\",\n      \"Principal\": {\n        \"Service\": \"delivery.logs.amazonaws.com\"\n      }\n    }\n  ]\n}",
            "override_json": null,
            "override_policy_documents": null,
            "policy_id": null,
            "source_json": null,
            "source_policy_documents": [
              "{\n  \"Version\": \"2012-10-17\",\n  \"Statement\": [\n    {\n      \"Sid\": \"\",\n      \"Effect\": \"Allow\",\n      \"Action\": \"s3:PutObject\",\n      \"Resource\": \"arn:aws:s3:::rialtic-nexus-logbucket/*\",\n      \"Principal\": {\n        \"AWS\": \"arn:aws:iam::127311923021:root\"\n      }\n    }\n  ]\n}",
              "{\n  \"Version\": \"2012-10-17\",\n  \"Statement\": [\n    {\n      \"Sid\": \"AWSLogDeliveryWrite\",\n      \"Effect\": \"Allow\",\n      \"Action\": \"s3:PutObject\",\n      \"Resource\": \"arn:aws:s3:::rialtic-nexus-logbucket/*\",\n      \"Principal\": {\n        \"Service\": \"delivery.logs.amazonaws.com\"\n      },\n      \"Condition\": {\n        \"StringEquals\": {\n          \"s3:x-amz-acl\": [\n            \"bucket-owner-full-control\"\n          ]\n        }\n      }\n    },\n    {\n      \"Sid\": \"AWSLogDeliveryAclCheck\",\n      \"Effect\": \"Allow\",\n      \"Action\": \"s3:GetBucketAcl\",\n      \"Resource\": \"arn:aws:s3:::rialtic-nexus-logbucket\",\n      \"Principal\": {\n        \"Service\": \"delivery.logs.amazonaws.com\"\n      }\n    }\n  ]\n}"
            ],
            "statement": null,
            "version": "2012-10-17"
          },
          "sensitive_attributes": []
        }
      ]
    },
    {
      "module": "module.log_bucket",
      "mode": "data",
      "type": "aws_iam_policy_document",
      "name": "elb_log_delivery",
      "provider": "provider[\"registry.terraform.io/hashicorp/aws\"]",
      "instances": [
        {
          "index_key": 0,
          "schema_version": 0,
          "attributes": {
            "id": "227102556",
            "json": "{\n  \"Version\": \"2012-10-17\",\n  \"Statement\": [\n    {\n      \"Sid\": \"\",\n      \"Effect\": \"Allow\",\n      \"Action\": \"s3:PutObject\",\n      \"Resource\": \"arn:aws:s3:::rialtic-nexus-logbucket/*\",\n      \"Principal\": {\n        \"AWS\": \"arn:aws:iam::127311923021:root\"\n      }\n    }\n  ]\n}",
            "override_json": null,
            "override_policy_documents": null,
            "policy_id": null,
            "source_json": null,
            "source_policy_documents": null,
            "statement": [
              {
                "actions": [
                  "s3:PutObject"
                ],
                "condition": [],
                "effect": "Allow",
                "not_actions": [],
                "not_principals": [],
                "not_resources": [],
                "principals": [
                  {
                    "identifiers": [
                      "arn:aws:iam::127311923021:root"
                    ],
                    "type": "AWS"
                  }
                ],
                "resources": [
                  "arn:aws:s3:::rialtic-nexus-logbucket/*"
                ],
                "sid": ""
              }
            ],
            "version": "2012-10-17"
          },
          "sensitive_attributes": []
        }
      ]
    },
    {
      "module": "module.log_bucket",
      "mode": "data",
      "type": "aws_iam_policy_document",
      "name": "lb_log_delivery",
      "provider": "provider[\"registry.terraform.io/hashicorp/aws\"]",
      "instances": [
        {
          "index_key": 0,
          "schema_version": 0,
          "attributes": {
            "id": "2163215620",
            "json": "{\n  \"Version\": \"2012-10-17\",\n  \"Statement\": [\n    {\n      \"Sid\": \"AWSLogDeliveryWrite\",\n      \"Effect\": \"Allow\",\n      \"Action\": \"s3:PutObject\",\n      \"Resource\": \"arn:aws:s3:::rialtic-nexus-logbucket/*\",\n      \"Principal\": {\n        \"Service\": \"delivery.logs.amazonaws.com\"\n      },\n      \"Condition\": {\n        \"StringEquals\": {\n          \"s3:x-amz-acl\": [\n            \"bucket-owner-full-control\"\n          ]\n        }\n      }\n    },\n    {\n      \"Sid\": \"AWSLogDeliveryAclCheck\",\n      \"Effect\": \"Allow\",\n      \"Action\": \"s3:GetBucketAcl\",\n      \"Resource\": \"arn:aws:s3:::rialtic-nexus-logbucket\",\n      \"Principal\": {\n        \"Service\": \"delivery.logs.amazonaws.com\"\n      }\n    }\n  ]\n}",
            "override_json": null,
            "override_policy_documents": null,
            "policy_id": null,
            "source_json": null,
            "source_policy_documents": null,
            "statement": [
              {
                "actions": [
                  "s3:PutObject"
                ],
                "condition": [
                  {
                    "test": "StringEquals",
                    "values": [
                      "bucket-owner-full-control"
                    ],
                    "variable": "s3:x-amz-acl"
                  }
                ],
                "effect": "Allow",
                "not_actions": [],
                "not_principals": [],
                "not_resources": [],
                "principals": [
                  {
                    "identifiers": [
                      "delivery.logs.amazonaws.com"
                    ],
                    "type": "Service"
                  }
                ],
                "resources": [
                  "arn:aws:s3:::rialtic-nexus-logbucket/*"
                ],
                "sid": "AWSLogDeliveryWrite"
              },
              {
                "actions": [
                  "s3:GetBucketAcl"
                ],
                "condition": [],
                "effect": "Allow",
                "not_actions": [],
                "not_principals": [],
                "not_resources": [],
                "principals": [
                  {
                    "identifiers": [
                      "delivery.logs.amazonaws.com"
                    ],
                    "type": "Service"
                  }
                ],
                "resources": [
                  "arn:aws:s3:::rialtic-nexus-logbucket"
                ],
                "sid": "AWSLogDeliveryAclCheck"
              }
            ],
            "version": "2012-10-17"
          },
          "sensitive_attributes": []
        }
      ]
    },
    {
      "module": "module.log_bucket",
      "mode": "managed",
      "type": "aws_s3_bucket",
      "name": "this",
      "provider": "provider[\"registry.terraform.io/hashicorp/aws\"]",
      "instances": [
        {
          "index_key": 0,
          "schema_version": 0,
          "attributes": {
            "acceleration_status": "",
            "acl": "log-delivery-write",
            "arn": "arn:aws:s3:::rialtic-nexus-logbucket",
            "bucket": "rialtic-nexus-logbucket",
            "bucket_domain_name": "rialtic-nexus-logbucket.s3.amazonaws.com",
            "bucket_prefix": null,
            "bucket_regional_domain_name": "rialtic-nexus-logbucket.s3.amazonaws.com",
            "cors_rule": [],
            "force_destroy": true,
            "grant": [],
            "hosted_zone_id": "Z3AQBSTGFYJSTF",
            "id": "rialtic-nexus-logbucket",
            "lifecycle_rule": [
              {
                "abort_incomplete_multipart_upload_days": 0,
                "enabled": true,
                "expiration": [],
                "id": "rule0",
                "noncurrent_version_expiration": [
                  {
                    "days": 60
                  }
                ],
                "noncurrent_version_transition": [],
                "prefix": "",
                "tags": {},
                "transition": [
                  {
                    "date": "",
                    "days": 180,
                    "storage_class": "GLACIER"
                  },
                  {
                    "date": "",
                    "days": 30,
                    "storage_class": "STANDARD_IA"
                  }
                ]
              }
            ],
            "logging": [],
            "object_lock_configuration": [],
            "policy": null,
            "region": "us-east-1",
            "replication_configuration": [],
            "request_payer": "BucketOwner",
            "server_side_encryption_configuration": [],
            "tags": {
              "CostCenter": "devsecops",
              "EOLDate": "2050-12-01",
              "Environment": "io.rialtic.bootstrap:shared-services:0.9.0-SNAPSHOT:zip:prod",
              "Name": "Nexus Blobstore Logging",
              "Owner": "operations",
              "Prod": "true",
              "Purpose": "Logging Bucket for Nexus Blobstores and LB",
              "Source": "io.rialtic.bootstrap:shared-services:0.9.0-SNAPSHOT",
              "Terraform": "true"
            },
            "tags_all": {
              "CostCenter": "devsecops",
              "EOLDate": "2050-12-01",
              "Environment": "io.rialtic.bootstrap:shared-services:0.9.0-SNAPSHOT:zip:prod",
              "Name": "Nexus Blobstore Logging",
              "Owner": "operations",
              "Prod": "true",
              "Purpose": "Logging Bucket for Nexus Blobstores and LB",
              "Source": "io.rialtic.bootstrap:shared-services:0.9.0-SNAPSHOT",
              "Terraform": "true"
            },
            "versioning": [
              {
                "enabled": false,
                "mfa_delete": false
              }
            ],
            "website": [],
            "website_domain": null,
            "website_endpoint": null
          },
          "sensitive_attributes": [],
          "private": "bnVsbA==",
          "create_before_destroy": true
        }
      ]
    },
    {
      "module": "module.log_bucket",
      "mode": "managed",
      "type": "aws_s3_bucket_policy",
      "name": "this",
      "provider": "provider[\"registry.terraform.io/hashicorp/aws\"]",
      "instances": [
        {
          "index_key": 0,
          "schema_version": 0,
          "attributes": {
            "bucket": "rialtic-nexus-logbucket",
            "id": "rialtic-nexus-logbucket",
            "policy": "{\"Version\":\"2012-10-17\",\"Statement\":[{\"Sid\":\"\",\"Effect\":\"Allow\",\"Principal\":{\"AWS\":\"arn:aws:iam::127311923021:root\"},\"Action\":\"s3:PutObject\",\"Resource\":\"arn:aws:s3:::rialtic-nexus-logbucket/*\"},{\"Sid\":\"AWSLogDeliveryWrite\",\"Effect\":\"Allow\",\"Principal\":{\"Service\":\"delivery.logs.amazonaws.com\"},\"Action\":\"s3:PutObject\",\"Resource\":\"arn:aws:s3:::rialtic-nexus-logbucket/*\",\"Condition\":{\"StringEquals\":{\"s3:x-amz-acl\":\"bucket-owner-full-control\"}}},{\"Sid\":\"AWSLogDeliveryAclCheck\",\"Effect\":\"Allow\",\"Principal\":{\"Service\":\"delivery.logs.amazonaws.com\"},\"Action\":\"s3:GetBucketAcl\",\"Resource\":\"arn:aws:s3:::rialtic-nexus-logbucket\"}]}"
          },
          "sensitive_attributes": [],
          "private": "bnVsbA==",
          "dependencies": [
            "module.log_bucket.data.aws_iam_policy_document.elb_log_delivery",
            "module.log_bucket.data.aws_iam_policy_document.lb_log_delivery",
            "module.log_bucket.aws_s3_bucket.this",
            "module.log_bucket.data.aws_elb_service_account.this",
            "module.log_bucket.data.aws_iam_policy_document.combined",
            "module.log_bucket.data.aws_iam_policy_document.deny_insecure_transport"
          ],
          "create_before_destroy": true
        }
      ]
    },
    {
      "module": "module.log_bucket",
      "mode": "managed",
      "type": "aws_s3_bucket_public_access_block",
      "name": "this",
      "provider": "provider[\"registry.terraform.io/hashicorp/aws\"]",
      "instances": [
        {
          "index_key": 0,
          "schema_version": 0,
          "attributes": {
            "block_public_acls": false,
            "block_public_policy": false,
            "bucket": "rialtic-nexus-logbucket",
            "id": "rialtic-nexus-logbucket",
            "ignore_public_acls": false,
            "restrict_public_buckets": false
          },
          "sensitive_attributes": [],
          "private": "bnVsbA==",
          "dependencies": [
            "module.log_bucket.data.aws_iam_policy_document.elb_log_delivery",
            "module.log_bucket.data.aws_iam_policy_document.lb_log_delivery",
            "module.log_bucket.aws_s3_bucket.this",
            "module.log_bucket.aws_s3_bucket_policy.this",
            "module.log_bucket.data.aws_elb_service_account.this",
            "module.log_bucket.data.aws_iam_policy_document.combined",
            "module.log_bucket.data.aws_iam_policy_document.deny_insecure_transport"
          ]
        }
      ]
    },
    {
      "module": "module.rialtic-nexus-hosted",
      "mode": "managed",
      "type": "aws_s3_bucket",
      "name": "this",
      "provider": "provider[\"registry.terraform.io/hashicorp/aws\"]",
      "instances": [
        {
          "index_key": 0,
          "schema_version": 0,
          "attributes": {
            "acceleration_status": "",
            "acl": "private",
            "arn": "arn:aws:s3:::rialtic-nexus-hosted",
            "bucket": "rialtic-nexus-hosted",
            "bucket_domain_name": "rialtic-nexus-hosted.s3.amazonaws.com",
            "bucket_prefix": null,
            "bucket_regional_domain_name": "rialtic-nexus-hosted.s3.amazonaws.com",
            "cors_rule": [],
            "force_destroy": true,
            "grant": [],
            "hosted_zone_id": "Z3AQBSTGFYJSTF",
            "id": "rialtic-nexus-hosted",
            "lifecycle_rule": [
              {
                "abort_incomplete_multipart_upload_days": 0,
                "enabled": true,
                "expiration": [],
                "id": "rule0",
                "noncurrent_version_expiration": [
                  {
                    "days": 30
                  }
                ],
                "noncurrent_version_transition": [],
                "prefix": "",
                "tags": {},
                "transition": [
                  {
                    "date": "",
                    "days": 180,
                    "storage_class": "STANDARD_IA"
                  }
                ]
              },
              {
                "abort_incomplete_multipart_upload_days": 2,
                "enabled": true,
                "expiration": [],
                "id": "rule1",
                "noncurrent_version_expiration": [],
                "noncurrent_version_transition": [],
                "prefix": "",
                "tags": {},
                "transition": []
              }
            ],
            "logging": [
              {
                "target_bucket": "rialtic-nexus-logbucket",
                "target_prefix": "rialtic-nexus-hosted-log/"
              }
            ],
            "object_lock_configuration": [],
            "policy": null,
            "region": "us-east-1",
            "replication_configuration": [],
            "request_payer": "BucketOwner",
            "server_side_encryption_configuration": [
              {
                "rule": [
                  {
                    "apply_server_side_encryption_by_default": [
                      {
                        "kms_master_key_id": "arn:aws:kms:us-east-1:726998074318:key/165b6b69-d964-4aeb-b7f2-fa2819c11b4d",
                        "sse_algorithm": "aws:kms"
                      }
                    ],
                    "bucket_key_enabled": false
                  }
                ]
              }
            ],
            "tags": {
              "CostCenter": "devsecops",
              "EOLDate": "2050-12-01",
              "Environment": "io.rialtic.bootstrap:shared-services:0.9.0-SNAPSHOT:zip:prod",
              "Name": "rialtic-nexus-hosted",
              "Owner": "operations",
              "Prod": "true",
              "Purpose": "Hosted Blobstores for Nexus",
              "Source": "io.rialtic.bootstrap:shared-services:0.9.0-SNAPSHOT",
              "Terraform": "true"
            },
            "tags_all": {
              "CostCenter": "devsecops",
              "EOLDate": "2050-12-01",
              "Environment": "io.rialtic.bootstrap:shared-services:0.9.0-SNAPSHOT:zip:prod",
              "Name": "rialtic-nexus-hosted",
              "Owner": "operations",
              "Prod": "true",
              "Purpose": "Hosted Blobstores for Nexus",
              "Source": "io.rialtic.bootstrap:shared-services:0.9.0-SNAPSHOT",
              "Terraform": "true"
            },
            "versioning": [
              {
                "enabled": false,
                "mfa_delete": false
              }
            ],
            "website": [],
            "website_domain": null,
            "website_endpoint": null
          },
          "sensitive_attributes": [],
          "private": "bnVsbA==",
          "dependencies": [
            "aws_kms_key.nexus-key",
            "module.log_bucket.aws_s3_bucket.this",
            "module.log_bucket.aws_s3_bucket_policy.this"
          ]
        }
      ]
    },
    {
      "module": "module.rialtic-nexus-hosted",
      "mode": "managed",
      "type": "aws_s3_bucket_public_access_block",
      "name": "this",
      "provider": "provider[\"registry.terraform.io/hashicorp/aws\"]",
      "instances": [
        {
          "index_key": 0,
          "schema_version": 0,
          "attributes": {
            "block_public_acls": false,
            "block_public_policy": false,
            "bucket": "rialtic-nexus-hosted",
            "id": "rialtic-nexus-hosted",
            "ignore_public_acls": false,
            "restrict_public_buckets": false
          },
          "sensitive_attributes": [],
          "private": "bnVsbA==",
          "dependencies": [
            "module.rialtic-nexus-hosted.data.aws_elb_service_account.this",
            "module.rialtic-nexus-hosted.data.aws_iam_policy_document.combined",
            "aws_kms_key.nexus-key",
            "module.log_bucket.data.aws_elb_service_account.this",
            "module.log_bucket.data.aws_iam_policy_document.combined",
            "module.log_bucket.aws_s3_bucket.this",
            "module.rialtic-nexus-hosted.aws_s3_bucket.this",
            "module.rialtic-nexus-hosted.data.aws_iam_policy_document.lb_log_delivery",
            "module.log_bucket.aws_s3_bucket_policy.this",
            "module.rialtic-nexus-hosted.data.aws_iam_policy_document.deny_insecure_transport",
            "module.rialtic-nexus-hosted.data.aws_iam_policy_document.elb_log_delivery",
            "module.rialtic-nexus-hosted.aws_s3_bucket_policy.this",
            "module.log_bucket.data.aws_iam_policy_document.deny_insecure_transport",
            "module.log_bucket.data.aws_iam_policy_document.elb_log_delivery",
            "module.log_bucket.data.aws_iam_policy_document.lb_log_delivery"
          ]
        }
      ]
    },
    {
      "module": "module.rialtic-nexus-prodstate",
      "mode": "managed",
      "type": "aws_s3_bucket",
      "name": "this",
      "provider": "provider[\"registry.terraform.io/hashicorp/aws\"]",
      "instances": [
        {
          "index_key": 0,
          "schema_version": 0,
          "attributes": {
            "acceleration_status": "",
            "acl": "private",
            "arn": "arn:aws:s3:::rialtic-nexus-prodstate",
            "bucket": "rialtic-nexus-prodstate",
            "bucket_domain_name": "rialtic-nexus-prodstate.s3.amazonaws.com",
            "bucket_prefix": null,
            "bucket_regional_domain_name": "rialtic-nexus-prodstate.s3.amazonaws.com",
            "cors_rule": [],
            "force_destroy": true,
            "grant": [],
            "hosted_zone_id": "Z3AQBSTGFYJSTF",
            "id": "rialtic-nexus-prodstate",
            "lifecycle_rule": [
              {
                "abort_incomplete_multipart_upload_days": 0,
                "enabled": true,
                "expiration": [],
                "id": "rule0",
                "noncurrent_version_expiration": [
                  {
                    "days": 30
                  }
                ],
                "noncurrent_version_transition": [],
                "prefix": "",
                "tags": {},
                "transition": [
                  {
                    "date": "",
                    "days": 180,
                    "storage_class": "STANDARD_IA"
                  }
                ]
              },
              {
                "abort_incomplete_multipart_upload_days": 2,
                "enabled": true,
                "expiration": [],
                "id": "rule1",
                "noncurrent_version_expiration": [],
                "noncurrent_version_transition": [],
                "prefix": "",
                "tags": {},
                "transition": []
              }
            ],
            "logging": [
              {
                "target_bucket": "rialtic-nexus-logbucket",
                "target_prefix": "rialtic-nexus-prodstate-log/"
              }
            ],
            "object_lock_configuration": [],
            "policy": null,
            "region": "us-east-1",
            "replication_configuration": [],
            "request_payer": "BucketOwner",
            "server_side_encryption_configuration": [
              {
                "rule": [
                  {
                    "apply_server_side_encryption_by_default": [
                      {
                        "kms_master_key_id": "arn:aws:kms:us-east-1:726998074318:key/165b6b69-d964-4aeb-b7f2-fa2819c11b4d",
                        "sse_algorithm": "aws:kms"
                      }
                    ],
                    "bucket_key_enabled": false
                  }
                ]
              }
            ],
            "tags": {
              "CostCenter": "devsecops",
              "EOLDate": "2050-12-01",
              "Environment": "io.rialtic.bootstrap:shared-services:0.9.0-SNAPSHOT:zip:prod",
              "Name": "rialtic-nexus-prodstate",
              "Owner": "operations",
              "Prod": "true",
              "Purpose": "Prod state Blobstores for Nexus",
              "Source": "io.rialtic.bootstrap:shared-services:0.9.0-SNAPSHOT",
              "Terraform": "true"
            },
            "tags_all": {
              "CostCenter": "devsecops",
              "EOLDate": "2050-12-01",
              "Environment": "io.rialtic.bootstrap:shared-services:0.9.0-SNAPSHOT:zip:prod",
              "Name": "rialtic-nexus-prodstate",
              "Owner": "operations",
              "Prod": "true",
              "Purpose": "Prod state Blobstores for Nexus",
              "Source": "io.rialtic.bootstrap:shared-services:0.9.0-SNAPSHOT",
              "Terraform": "true"
            },
            "versioning": [
              {
                "enabled": false,
                "mfa_delete": false
              }
            ],
            "website": [],
            "website_domain": null,
            "website_endpoint": null
          },
          "sensitive_attributes": [],
          "private": "bnVsbA==",
          "dependencies": [
            "aws_kms_key.nexus-key",
            "module.log_bucket.aws_s3_bucket.this",
            "module.log_bucket.aws_s3_bucket_policy.this"
          ]
        }
      ]
    },
    {
      "module": "module.rialtic-nexus-prodstate",
      "mode": "managed",
      "type": "aws_s3_bucket_public_access_block",
      "name": "this",
      "provider": "provider[\"registry.terraform.io/hashicorp/aws\"]",
      "instances": [
        {
          "index_key": 0,
          "schema_version": 0,
          "attributes": {
            "block_public_acls": false,
            "block_public_policy": false,
            "bucket": "rialtic-nexus-prodstate",
            "id": "rialtic-nexus-prodstate",
            "ignore_public_acls": false,
            "restrict_public_buckets": false
          },
          "sensitive_attributes": [],
          "private": "bnVsbA==",
          "dependencies": [
            "module.rialtic-nexus-prodstate.aws_s3_bucket_policy.this",
            "aws_kms_key.nexus-key",
            "module.log_bucket.data.aws_elb_service_account.this",
            "module.log_bucket.data.aws_iam_policy_document.lb_log_delivery",
            "module.rialtic-nexus-prodstate.aws_s3_bucket.this",
            "module.rialtic-nexus-prodstate.data.aws_iam_policy_document.combined",
            "module.rialtic-nexus-prodstate.data.aws_iam_policy_document.deny_insecure_transport",
            "module.rialtic-nexus-prodstate.data.aws_iam_policy_document.lb_log_delivery",
            "module.log_bucket.aws_s3_bucket.this",
            "module.log_bucket.data.aws_iam_policy_document.deny_insecure_transport",
            "module.log_bucket.data.aws_iam_policy_document.combined",
            "module.log_bucket.data.aws_iam_policy_document.elb_log_delivery",
            "module.rialtic-nexus-prodstate.data.aws_elb_service_account.this",
            "module.rialtic-nexus-prodstate.data.aws_iam_policy_document.elb_log_delivery",
            "module.log_bucket.aws_s3_bucket_policy.this"
          ]
        }
      ]
    },
    {
      "module": "module.rialtic-nexus-proxies",
      "mode": "managed",
      "type": "aws_s3_bucket",
      "name": "this",
      "provider": "provider[\"registry.terraform.io/hashicorp/aws\"]",
      "instances": [
        {
          "index_key": 0,
          "schema_version": 0,
          "attributes": {
            "acceleration_status": "",
            "acl": "private",
            "arn": "arn:aws:s3:::rialtic-nexus-proxies",
            "bucket": "rialtic-nexus-proxies",
            "bucket_domain_name": "rialtic-nexus-proxies.s3.amazonaws.com",
            "bucket_prefix": null,
            "bucket_regional_domain_name": "rialtic-nexus-proxies.s3.amazonaws.com",
            "cors_rule": [],
            "force_destroy": true,
            "grant": [],
            "hosted_zone_id": "Z3AQBSTGFYJSTF",
            "id": "rialtic-nexus-proxies",
            "lifecycle_rule": [
              {
                "abort_incomplete_multipart_upload_days": 0,
                "enabled": true,
                "expiration": [],
                "id": "rule0",
                "noncurrent_version_expiration": [
                  {
                    "days": 30
                  }
                ],
                "noncurrent_version_transition": [],
                "prefix": "",
                "tags": {},
                "transition": [
                  {
                    "date": "",
                    "days": 180,
                    "storage_class": "STANDARD_IA"
                  }
                ]
              },
              {
                "abort_incomplete_multipart_upload_days": 2,
                "enabled": true,
                "expiration": [],
                "id": "rule1",
                "noncurrent_version_expiration": [],
                "noncurrent_version_transition": [],
                "prefix": "",
                "tags": {},
                "transition": []
              }
            ],
            "logging": [
              {
                "target_bucket": "rialtic-nexus-logbucket",
                "target_prefix": "rialtic-nexus-proxies-log/"
              }
            ],
            "object_lock_configuration": [],
            "policy": null,
            "region": "us-east-1",
            "replication_configuration": [],
            "request_payer": "BucketOwner",
            "server_side_encryption_configuration": [
              {
                "rule": [
                  {
                    "apply_server_side_encryption_by_default": [
                      {
                        "kms_master_key_id": "arn:aws:kms:us-east-1:726998074318:key/165b6b69-d964-4aeb-b7f2-fa2819c11b4d",
                        "sse_algorithm": "aws:kms"
                      }
                    ],
                    "bucket_key_enabled": false
                  }
                ]
              }
            ],
            "tags": {
              "CostCenter": "devsecops",
              "EOLDate": "2050-12-01",
              "Environment": "io.rialtic.bootstrap:shared-services:0.9.0-SNAPSHOT:zip:prod",
              "Name": "rialtic-nexus-proxies",
              "Owner": "operations",
              "Prod": "true",
              "Purpose": "Proxied Blobstores for Nexus",
              "Source": "io.rialtic.bootstrap:shared-services:0.9.0-SNAPSHOT",
              "Terraform": "true"
            },
            "tags_all": {
              "CostCenter": "devsecops",
              "EOLDate": "2050-12-01",
              "Environment": "io.rialtic.bootstrap:shared-services:0.9.0-SNAPSHOT:zip:prod",
              "Name": "rialtic-nexus-proxies",
              "Owner": "operations",
              "Prod": "true",
              "Purpose": "Proxied Blobstores for Nexus",
              "Source": "io.rialtic.bootstrap:shared-services:0.9.0-SNAPSHOT",
              "Terraform": "true"
            },
            "versioning": [
              {
                "enabled": false,
                "mfa_delete": false
              }
            ],
            "website": [],
            "website_domain": null,
            "website_endpoint": null
          },
          "sensitive_attributes": [],
          "private": "bnVsbA==",
          "dependencies": [
            "aws_kms_key.nexus-key",
            "module.log_bucket.aws_s3_bucket.this",
            "module.log_bucket.aws_s3_bucket_policy.this"
          ]
        }
      ]
    },
    {
      "module": "module.rialtic-nexus-proxies",
      "mode": "managed",
      "type": "aws_s3_bucket_public_access_block",
      "name": "this",
      "provider": "provider[\"registry.terraform.io/hashicorp/aws\"]",
      "instances": [
        {
          "index_key": 0,
          "schema_version": 0,
          "attributes": {
            "block_public_acls": false,
            "block_public_policy": false,
            "bucket": "rialtic-nexus-proxies",
            "id": "rialtic-nexus-proxies",
            "ignore_public_acls": false,
            "restrict_public_buckets": false
          },
          "sensitive_attributes": [],
          "private": "bnVsbA==",
          "dependencies": [
            "module.rialtic-nexus-proxies.data.aws_iam_policy_document.deny_insecure_transport",
            "module.rialtic-nexus-proxies.data.aws_iam_policy_document.lb_log_delivery",
            "module.log_bucket.aws_s3_bucket_policy.this",
            "module.rialtic-nexus-proxies.aws_s3_bucket.this",
            "module.rialtic-nexus-proxies.data.aws_iam_policy_document.elb_log_delivery",
            "module.log_bucket.data.aws_elb_service_account.this",
            "module.log_bucket.data.aws_iam_policy_document.combined",
            "module.log_bucket.data.aws_iam_policy_document.deny_insecure_transport",
            "module.log_bucket.data.aws_iam_policy_document.lb_log_delivery",
            "module.rialtic-nexus-proxies.aws_s3_bucket_policy.this",
            "module.rialtic-nexus-proxies.data.aws_elb_service_account.this",
            "module.rialtic-nexus-proxies.data.aws_iam_policy_document.combined",
            "aws_kms_key.nexus-key",
            "module.log_bucket.aws_s3_bucket.this",
            "module.log_bucket.data.aws_iam_policy_document.elb_log_delivery"
          ]
        }
      ]
    },
    {
      "module": "module.rialtic-nexus-state",
      "mode": "managed",
      "type": "aws_s3_bucket",
      "name": "this",
      "provider": "provider[\"registry.terraform.io/hashicorp/aws\"]",
      "instances": [
        {
          "index_key": 0,
          "schema_version": 0,
          "attributes": {
            "acceleration_status": "",
            "acl": "private",
            "arn": "arn:aws:s3:::rialtic-nexus-state",
            "bucket": "rialtic-nexus-state",
            "bucket_domain_name": "rialtic-nexus-state.s3.amazonaws.com",
            "bucket_prefix": null,
            "bucket_regional_domain_name": "rialtic-nexus-state.s3.amazonaws.com",
            "cors_rule": [],
            "force_destroy": true,
            "grant": [],
            "hosted_zone_id": "Z3AQBSTGFYJSTF",
            "id": "rialtic-nexus-state",
            "lifecycle_rule": [
              {
                "abort_incomplete_multipart_upload_days": 0,
                "enabled": true,
                "expiration": [],
                "id": "rule0",
                "noncurrent_version_expiration": [
                  {
                    "days": 30
                  }
                ],
                "noncurrent_version_transition": [],
                "prefix": "",
                "tags": {},
                "transition": [
                  {
                    "date": "",
                    "days": 180,
                    "storage_class": "STANDARD_IA"
                  }
                ]
              },
              {
                "abort_incomplete_multipart_upload_days": 2,
                "enabled": true,
                "expiration": [],
                "id": "rule1",
                "noncurrent_version_expiration": [],
                "noncurrent_version_transition": [],
                "prefix": "",
                "tags": {},
                "transition": []
              }
            ],
            "logging": [
              {
                "target_bucket": "rialtic-nexus-logbucket",
                "target_prefix": "rialtic-nexus-state-log/"
              }
            ],
            "object_lock_configuration": [],
            "policy": null,
            "region": "us-east-1",
            "replication_configuration": [],
            "request_payer": "BucketOwner",
            "server_side_encryption_configuration": [
              {
                "rule": [
                  {
                    "apply_server_side_encryption_by_default": [
                      {
                        "kms_master_key_id": "arn:aws:kms:us-east-1:726998074318:key/165b6b69-d964-4aeb-b7f2-fa2819c11b4d",
                        "sse_algorithm": "aws:kms"
                      }
                    ],
                    "bucket_key_enabled": false
                  }
                ]
              }
            ],
            "tags": {
              "CostCenter": "devsecops",
              "EOLDate": "2050-12-01",
              "Environment": "io.rialtic.bootstrap:shared-services:0.9.0-SNAPSHOT:zip:prod",
              "Name": "rialtic-nexus-state",
              "Owner": "operations",
              "Prod": "true",
              "Purpose": "Non-prod state Blobstores for Nexus",
              "Source": "io.rialtic.bootstrap:shared-services:0.9.0-SNAPSHOT",
              "Terraform": "true"
            },
            "tags_all": {
              "CostCenter": "devsecops",
              "EOLDate": "2050-12-01",
              "Environment": "io.rialtic.bootstrap:shared-services:0.9.0-SNAPSHOT:zip:prod",
              "Name": "rialtic-nexus-state",
              "Owner": "operations",
              "Prod": "true",
              "Purpose": "Non-prod state Blobstores for Nexus",
              "Source": "io.rialtic.bootstrap:shared-services:0.9.0-SNAPSHOT",
              "Terraform": "true"
            },
            "versioning": [
              {
                "enabled": false,
                "mfa_delete": false
              }
            ],
            "website": [],
            "website_domain": null,
            "website_endpoint": null
          },
          "sensitive_attributes": [],
          "private": "bnVsbA==",
          "dependencies": [
            "aws_kms_key.nexus-key",
            "module.log_bucket.aws_s3_bucket.this",
            "module.log_bucket.aws_s3_bucket_policy.this"
          ]
        }
      ]
    },
    {
      "module": "module.rialtic-nexus-state",
      "mode": "managed",
      "type": "aws_s3_bucket_public_access_block",
      "name": "this",
      "provider": "provider[\"registry.terraform.io/hashicorp/aws\"]",
      "instances": [
        {
          "index_key": 0,
          "schema_version": 0,
          "attributes": {
            "block_public_acls": false,
            "block_public_policy": false,
            "bucket": "rialtic-nexus-state",
            "id": "rialtic-nexus-state",
            "ignore_public_acls": false,
            "restrict_public_buckets": false
          },
          "sensitive_attributes": [],
          "private": "bnVsbA==",
          "dependencies": [
            "module.rialtic-nexus-state.data.aws_elb_service_account.this",
            "module.rialtic-nexus-state.data.aws_iam_policy_document.combined",
            "module.rialtic-nexus-state.data.aws_iam_policy_document.elb_log_delivery",
            "module.log_bucket.data.aws_elb_service_account.this",
            "module.log_bucket.data.aws_iam_policy_document.deny_insecure_transport",
            "module.log_bucket.data.aws_iam_policy_document.elb_log_delivery",
            "module.rialtic-nexus-state.aws_s3_bucket.this",
            "module.log_bucket.aws_s3_bucket.this",
            "module.log_bucket.aws_s3_bucket_policy.this",
            "module.log_bucket.data.aws_iam_policy_document.combined",
            "module.rialtic-nexus-state.aws_s3_bucket_policy.this",
            "aws_kms_key.nexus-key",
            "module.log_bucket.data.aws_iam_policy_document.lb_log_delivery",
            "module.rialtic-nexus-state.data.aws_iam_policy_document.deny_insecure_transport",
            "module.rialtic-nexus-state.data.aws_iam_policy_document.lb_log_delivery"
          ]
        }
      ]
    },
    {
      "module": "module.sharedservicesvpc",
      "mode": "managed",
      "type": "aws_default_route_table",
      "name": "default",
      "provider": "provider[\"registry.terraform.io/hashicorp/aws\"]",
      "instances": [
        {
          "index_key": 0,
          "schema_version": 0,
          "attributes": {
            "arn": "arn:aws:ec2:us-east-1:726998074318:route-table/rtb-031ae6ac6f1491fa2",
            "default_route_table_id": "rtb-031ae6ac6f1491fa2",
            "id": "rtb-031ae6ac6f1491fa2",
            "owner_id": "726998074318",
            "propagating_vgws": [],
            "route": [],
            "tags": {
              "CostCenter": "devsecops",
              "EOLDate": "2050-12-01",
              "Environment": "io.rialtic.bootstrap:shared-services:0.9.0-SNAPSHOT:zip:prod",
              "Name": "shared-services",
              "Owner": "operations",
              "Prod": "true",
              "Source": "io.rialtic.bootstrap:shared-services:0.9.0-SNAPSHOT",
              "Terraform": "true"
            },
            "tags_all": {
              "CostCenter": "devsecops",
              "EOLDate": "2050-12-01",
              "Environment": "io.rialtic.bootstrap:shared-services:0.9.0-SNAPSHOT:zip:prod",
              "Name": "shared-services",
              "Owner": "operations",
              "Prod": "true",
              "Source": "io.rialtic.bootstrap:shared-services:0.9.0-SNAPSHOT",
              "Terraform": "true"
            },
            "vpc_id": "vpc-0b9db42b0a586951d"
          },
          "sensitive_attributes": [],
          "private": "bnVsbA==",
          "dependencies": [
            "module.sharedservicesvpc.aws_vpc.this"
          ]
        }
      ]
    },
    {
      "module": "module.sharedservicesvpc",
      "mode": "managed",
      "type": "aws_eip",
      "name": "nat",
      "provider": "provider[\"registry.terraform.io/hashicorp/aws\"]",
      "instances": [
        {
          "index_key": 0,
          "schema_version": 0,
          "attributes": {
            "address": null,
            "allocation_id": null,
            "associate_with_private_ip": null,
            "association_id": "eipassoc-085f2c408b385a0f6",
            "carrier_ip": "",
            "customer_owned_ip": "",
            "customer_owned_ipv4_pool": "",
            "domain": "vpc",
            "id": "eipalloc-05ffafaa20ea653a7",
            "instance": "",
            "network_border_group": "us-east-1",
            "network_interface": "eni-0e40ad60510a9d146",
            "private_dns": "ip-10-0-17-230.ec2.internal",
            "private_ip": "10.0.17.230",
            "public_dns": "ec2-18-213-191-109.compute-1.amazonaws.com",
            "public_ip": "18.213.191.109",
            "public_ipv4_pool": "amazon",
            "tags": {
              "CostCenter": "devsecops",
              "EOLDate": "2050-12-01",
              "Environment": "io.rialtic.bootstrap:shared-services:0.9.0-SNAPSHOT:zip:prod",
              "Name": "shared-services-us-east-1a",
              "Owner": "operations",
              "Prod": "true",
              "Source": "io.rialtic.bootstrap:shared-services:0.9.0-SNAPSHOT",
              "Terraform": "true"
            },
            "tags_all": {
              "CostCenter": "devsecops",
              "EOLDate": "2050-12-01",
              "Environment": "io.rialtic.bootstrap:shared-services:0.9.0-SNAPSHOT:zip:prod",
              "Name": "shared-services-us-east-1a",
              "Owner": "operations",
              "Prod": "true",
              "Source": "io.rialtic.bootstrap:shared-services:0.9.0-SNAPSHOT",
              "Terraform": "true"
            },
            "timeouts": null,
            "vpc": true
          },
          "sensitive_attributes": [],
          "private": "eyJlMmJmYjczMC1lY2FhLTExZTYtOGY4OC0zNDM2M2JjN2M0YzAiOnsiZGVsZXRlIjoxODAwMDAwMDAwMDAsInJlYWQiOjkwMDAwMDAwMDAwMCwidXBkYXRlIjozMDAwMDAwMDAwMDB9fQ=="
        }
      ]
    },
    {
      "module": "module.sharedservicesvpc",
      "mode": "managed",
      "type": "aws_internet_gateway",
      "name": "this",
      "provider": "provider[\"registry.terraform.io/hashicorp/aws\"]",
      "instances": [
        {
          "index_key": 0,
          "schema_version": 0,
          "attributes": {
            "arn": "arn:aws:ec2:us-east-1:726998074318:internet-gateway/igw-0e9824ba8a2ed0f47",
            "id": "igw-0e9824ba8a2ed0f47",
            "owner_id": "726998074318",
            "tags": {
              "CostCenter": "devsecops",
              "EOLDate": "2050-12-01",
              "Environment": "io.rialtic.bootstrap:shared-services:0.9.0-SNAPSHOT:zip:prod",
              "Name": "shared-services",
              "Owner": "operations",
              "Prod": "true",
              "Source": "io.rialtic.bootstrap:shared-services:0.9.0-SNAPSHOT",
              "Terraform": "true"
            },
            "tags_all": {
              "CostCenter": "devsecops",
              "EOLDate": "2050-12-01",
              "Environment": "io.rialtic.bootstrap:shared-services:0.9.0-SNAPSHOT:zip:prod",
              "Name": "shared-services",
              "Owner": "operations",
              "Prod": "true",
              "Source": "io.rialtic.bootstrap:shared-services:0.9.0-SNAPSHOT",
              "Terraform": "true"
            },
            "vpc_id": "vpc-0b9db42b0a586951d"
          },
          "sensitive_attributes": [],
          "private": "bnVsbA==",
          "dependencies": [
            "module.sharedservicesvpc.aws_vpc.this",
            "module.sharedservicesvpc.aws_vpc_ipv4_cidr_block_association.this"
          ]
        }
      ]
    },
    {
      "module": "module.sharedservicesvpc",
      "mode": "managed",
      "type": "aws_nat_gateway",
      "name": "this",
      "provider": "provider[\"registry.terraform.io/hashicorp/aws\"]",
      "instances": [
        {
          "index_key": 0,
          "schema_version": 0,
          "attributes": {
            "allocation_id": "eipalloc-05ffafaa20ea653a7",
            "connectivity_type": "public",
            "id": "nat-06761716f5ff9ac14",
            "network_interface_id": "eni-0e40ad60510a9d146",
            "private_ip": "10.0.17.230",
            "public_ip": "18.213.191.109",
            "subnet_id": "subnet-0fcfc7de89f1c6133",
            "tags": {
              "CostCenter": "devsecops",
              "EOLDate": "2050-12-01",
              "Environment": "io.rialtic.bootstrap:shared-services:0.9.0-SNAPSHOT:zip:prod",
              "Name": "shared-services-us-east-1a",
              "Owner": "operations",
              "Prod": "true",
              "Source": "io.rialtic.bootstrap:shared-services:0.9.0-SNAPSHOT",
              "Terraform": "true"
            },
            "tags_all": {
              "CostCenter": "devsecops",
              "EOLDate": "2050-12-01",
              "Environment": "io.rialtic.bootstrap:shared-services:0.9.0-SNAPSHOT:zip:prod",
              "Name": "shared-services-us-east-1a",
              "Owner": "operations",
              "Prod": "true",
              "Source": "io.rialtic.bootstrap:shared-services:0.9.0-SNAPSHOT",
              "Terraform": "true"
            }
          },
          "sensitive_attributes": [],
          "private": "bnVsbA==",
          "dependencies": [
            "module.sharedservicesvpc.aws_internet_gateway.this",
            "module.sharedservicesvpc.aws_subnet.public",
            "module.sharedservicesvpc.aws_vpc.this",
            "module.sharedservicesvpc.aws_vpc_ipv4_cidr_block_association.this",
            "module.sharedservicesvpc.aws_eip.nat"
          ]
        }
      ]
    },
    {
      "module": "module.sharedservicesvpc",
      "mode": "managed",
      "type": "aws_route",
      "name": "private_nat_gateway",
      "provider": "provider[\"registry.terraform.io/hashicorp/aws\"]",
      "instances": [
        {
          "index_key": 0,
          "schema_version": 0,
          "attributes": {
            "carrier_gateway_id": "",
            "destination_cidr_block": "0.0.0.0/0",
            "destination_ipv6_cidr_block": "",
            "destination_prefix_list_id": "",
            "egress_only_gateway_id": "",
            "gateway_id": "",
            "id": "r-rtb-0881f606db095ab971080289494",
            "instance_id": "",
            "instance_owner_id": "",
            "local_gateway_id": "",
            "nat_gateway_id": "nat-06761716f5ff9ac14",
            "network_interface_id": "",
            "origin": "CreateRoute",
            "route_table_id": "rtb-0881f606db095ab97",
            "state": "active",
            "timeouts": {
              "create": "5m",
              "delete": null
            },
            "transit_gateway_id": "",
            "vpc_endpoint_id": "",
            "vpc_peering_connection_id": ""
          },
          "sensitive_attributes": [],
          "private": "eyJlMmJmYjczMC1lY2FhLTExZTYtOGY4OC0zNDM2M2JjN2M0YzAiOnsiY3JlYXRlIjozMDAwMDAwMDAwMDAsImRlbGV0ZSI6MzAwMDAwMDAwMDAwfX0=",
          "dependencies": [
            "module.sharedservicesvpc.aws_nat_gateway.this",
            "module.sharedservicesvpc.aws_route_table.private",
            "module.sharedservicesvpc.aws_subnet.public",
            "module.sharedservicesvpc.aws_vpc.this",
            "module.sharedservicesvpc.aws_vpc_ipv4_cidr_block_association.this",
            "module.sharedservicesvpc.aws_eip.nat",
            "module.sharedservicesvpc.aws_internet_gateway.this"
          ]
        }
      ]
    },
    {
      "module": "module.sharedservicesvpc",
      "mode": "managed",
      "type": "aws_route",
      "name": "public_internet_gateway",
      "provider": "provider[\"registry.terraform.io/hashicorp/aws\"]",
      "instances": [
        {
          "index_key": 0,
          "schema_version": 0,
          "attributes": {
            "carrier_gateway_id": "",
            "destination_cidr_block": "0.0.0.0/0",
            "destination_ipv6_cidr_block": "",
            "destination_prefix_list_id": "",
            "egress_only_gateway_id": "",
            "gateway_id": "igw-0e9824ba8a2ed0f47",
            "id": "r-rtb-08c547def0f99dfbd1080289494",
            "instance_id": "",
            "instance_owner_id": "",
            "local_gateway_id": "",
            "nat_gateway_id": "",
            "network_interface_id": "",
            "origin": "CreateRoute",
            "route_table_id": "rtb-08c547def0f99dfbd",
            "state": "active",
            "timeouts": {
              "create": "5m",
              "delete": null
            },
            "transit_gateway_id": "",
            "vpc_endpoint_id": "",
            "vpc_peering_connection_id": ""
          },
          "sensitive_attributes": [],
          "private": "eyJlMmJmYjczMC1lY2FhLTExZTYtOGY4OC0zNDM2M2JjN2M0YzAiOnsiY3JlYXRlIjozMDAwMDAwMDAwMDAsImRlbGV0ZSI6MzAwMDAwMDAwMDAwfX0=",
          "dependencies": [
            "module.sharedservicesvpc.aws_internet_gateway.this",
            "module.sharedservicesvpc.aws_route_table.public",
            "module.sharedservicesvpc.aws_vpc.this",
            "module.sharedservicesvpc.aws_vpc_ipv4_cidr_block_association.this"
          ]
        }
      ]
    },
    {
      "module": "module.sharedservicesvpc",
      "mode": "managed",
      "type": "aws_route_table",
      "name": "private",
      "provider": "provider[\"registry.terraform.io/hashicorp/aws\"]",
      "instances": [
        {
          "index_key": 0,
          "schema_version": 0,
          "attributes": {
            "arn": "arn:aws:ec2:us-east-1:726998074318:route-table/rtb-0881f606db095ab97",
            "id": "rtb-0881f606db095ab97",
            "owner_id": "726998074318",
            "propagating_vgws": [],
            "route": [
              {
                "carrier_gateway_id": "",
                "cidr_block": "0.0.0.0/0",
                "destination_prefix_list_id": "",
                "egress_only_gateway_id": "",
                "gateway_id": "",
                "instance_id": "",
                "ipv6_cidr_block": "",
                "local_gateway_id": "",
                "nat_gateway_id": "nat-06761716f5ff9ac14",
                "network_interface_id": "",
                "transit_gateway_id": "",
                "vpc_endpoint_id": "",
                "vpc_peering_connection_id": ""
              }
            ],
            "tags": {
              "CostCenter": "devsecops",
              "EOLDate": "2050-12-01",
              "Environment": "io.rialtic.bootstrap:shared-services:0.9.0-SNAPSHOT:zip:prod",
              "Name": "shared-services-private",
              "Owner": "operations",
              "Prod": "true",
              "Source": "io.rialtic.bootstrap:shared-services:0.9.0-SNAPSHOT",
              "Terraform": "true"
            },
            "tags_all": {
              "CostCenter": "devsecops",
              "EOLDate": "2050-12-01",
              "Environment": "io.rialtic.bootstrap:shared-services:0.9.0-SNAPSHOT:zip:prod",
              "Name": "shared-services-private",
              "Owner": "operations",
              "Prod": "true",
              "Source": "io.rialtic.bootstrap:shared-services:0.9.0-SNAPSHOT",
              "Terraform": "true"
            },
            "vpc_id": "vpc-0b9db42b0a586951d"
          },
          "sensitive_attributes": [],
          "private": "bnVsbA==",
          "dependencies": [
            "module.sharedservicesvpc.aws_vpc.this",
            "module.sharedservicesvpc.aws_vpc_ipv4_cidr_block_association.this"
          ]
        }
      ]
    },
    {
      "module": "module.sharedservicesvpc",
      "mode": "managed",
      "type": "aws_route_table",
      "name": "public",
      "provider": "provider[\"registry.terraform.io/hashicorp/aws\"]",
      "instances": [
        {
          "index_key": 0,
          "schema_version": 0,
          "attributes": {
            "arn": "arn:aws:ec2:us-east-1:726998074318:route-table/rtb-08c547def0f99dfbd",
            "id": "rtb-08c547def0f99dfbd",
            "owner_id": "726998074318",
            "propagating_vgws": [],
            "route": [
              {
                "carrier_gateway_id": "",
                "cidr_block": "0.0.0.0/0",
                "destination_prefix_list_id": "",
                "egress_only_gateway_id": "",
                "gateway_id": "igw-0e9824ba8a2ed0f47",
                "instance_id": "",
                "ipv6_cidr_block": "",
                "local_gateway_id": "",
                "nat_gateway_id": "",
                "network_interface_id": "",
                "transit_gateway_id": "",
                "vpc_endpoint_id": "",
                "vpc_peering_connection_id": ""
              }
            ],
            "tags": {
              "CostCenter": "devsecops",
              "EOLDate": "2050-12-01",
              "Environment": "io.rialtic.bootstrap:shared-services:0.9.0-SNAPSHOT:zip:prod",
              "Name": "shared-services-public",
              "Owner": "operations",
              "Prod": "true",
              "Source": "io.rialtic.bootstrap:shared-services:0.9.0-SNAPSHOT",
              "Terraform": "true"
            },
            "tags_all": {
              "CostCenter": "devsecops",
              "EOLDate": "2050-12-01",
              "Environment": "io.rialtic.bootstrap:shared-services:0.9.0-SNAPSHOT:zip:prod",
              "Name": "shared-services-public",
              "Owner": "operations",
              "Prod": "true",
              "Source": "io.rialtic.bootstrap:shared-services:0.9.0-SNAPSHOT",
              "Terraform": "true"
            },
            "vpc_id": "vpc-0b9db42b0a586951d"
          },
          "sensitive_attributes": [],
          "private": "bnVsbA==",
          "dependencies": [
            "module.sharedservicesvpc.aws_vpc.this",
            "module.sharedservicesvpc.aws_vpc_ipv4_cidr_block_association.this"
          ]
        }
      ]
    },
    {
      "module": "module.sharedservicesvpc",
      "mode": "managed",
      "type": "aws_route_table_association",
      "name": "private",
      "provider": "provider[\"registry.terraform.io/hashicorp/aws\"]",
      "instances": [
        {
          "index_key": 0,
          "schema_version": 0,
          "attributes": {
            "gateway_id": "",
            "id": "rtbassoc-071f89173192d6f5d",
            "route_table_id": "rtb-0881f606db095ab97",
            "subnet_id": "subnet-0bd4707700b5fb3b3"
          },
          "sensitive_attributes": [],
          "private": "bnVsbA==",
          "dependencies": [
            "module.sharedservicesvpc.aws_vpc.this",
            "module.sharedservicesvpc.aws_vpc_ipv4_cidr_block_association.this",
            "module.sharedservicesvpc.aws_route_table.private",
            "module.sharedservicesvpc.aws_subnet.private"
          ]
        },
        {
          "index_key": 1,
          "schema_version": 0,
          "attributes": {
            "gateway_id": "",
            "id": "rtbassoc-00e9b76caf02b6ea1",
            "route_table_id": "rtb-0881f606db095ab97",
            "subnet_id": "subnet-03167ae0cc945bbae"
          },
          "sensitive_attributes": [],
          "private": "bnVsbA==",
          "dependencies": [
            "module.sharedservicesvpc.aws_vpc.this",
            "module.sharedservicesvpc.aws_vpc_ipv4_cidr_block_association.this",
            "module.sharedservicesvpc.aws_route_table.private",
            "module.sharedservicesvpc.aws_subnet.private"
          ]
        },
        {
          "index_key": 2,
          "schema_version": 0,
          "attributes": {
            "gateway_id": "",
            "id": "rtbassoc-0fea16a715b9d8d47",
            "route_table_id": "rtb-0881f606db095ab97",
            "subnet_id": "subnet-0bf755d07d1b6b0ab"
          },
          "sensitive_attributes": [],
          "private": "bnVsbA==",
          "dependencies": [
            "module.sharedservicesvpc.aws_route_table.private",
            "module.sharedservicesvpc.aws_subnet.private",
            "module.sharedservicesvpc.aws_vpc.this",
            "module.sharedservicesvpc.aws_vpc_ipv4_cidr_block_association.this"
          ]
        }
      ]
    },
    {
      "module": "module.sharedservicesvpc",
      "mode": "managed",
      "type": "aws_route_table_association",
      "name": "public",
      "provider": "provider[\"registry.terraform.io/hashicorp/aws\"]",
      "instances": [
        {
          "index_key": 0,
          "schema_version": 0,
          "attributes": {
            "gateway_id": "",
            "id": "rtbassoc-0bc8a03f366de1c2e",
            "route_table_id": "rtb-08c547def0f99dfbd",
            "subnet_id": "subnet-0fcfc7de89f1c6133"
          },
          "sensitive_attributes": [],
          "private": "bnVsbA==",
          "dependencies": [
            "module.sharedservicesvpc.aws_vpc.this",
            "module.sharedservicesvpc.aws_vpc_ipv4_cidr_block_association.this",
            "module.sharedservicesvpc.aws_route_table.public",
            "module.sharedservicesvpc.aws_subnet.public"
          ]
        },
        {
          "index_key": 1,
          "schema_version": 0,
          "attributes": {
            "gateway_id": "",
            "id": "rtbassoc-05f0fb9be2949f88e",
            "route_table_id": "rtb-08c547def0f99dfbd",
            "subnet_id": "subnet-0842d641587007c2e"
          },
          "sensitive_attributes": [],
          "private": "bnVsbA==",
          "dependencies": [
            "module.sharedservicesvpc.aws_subnet.public",
            "module.sharedservicesvpc.aws_vpc.this",
            "module.sharedservicesvpc.aws_vpc_ipv4_cidr_block_association.this",
            "module.sharedservicesvpc.aws_route_table.public"
          ]
        },
        {
          "index_key": 2,
          "schema_version": 0,
          "attributes": {
            "gateway_id": "",
            "id": "rtbassoc-0674e546577d2ab10",
            "route_table_id": "rtb-08c547def0f99dfbd",
            "subnet_id": "subnet-0a36b8ad484b4b855"
          },
          "sensitive_attributes": [],
          "private": "bnVsbA==",
          "dependencies": [
            "module.sharedservicesvpc.aws_route_table.public",
            "module.sharedservicesvpc.aws_subnet.public",
            "module.sharedservicesvpc.aws_vpc.this",
            "module.sharedservicesvpc.aws_vpc_ipv4_cidr_block_association.this"
          ]
        }
      ]
    },
    {
      "module": "module.sharedservicesvpc",
      "mode": "managed",
      "type": "aws_subnet",
      "name": "private",
      "provider": "provider[\"registry.terraform.io/hashicorp/aws\"]",
      "instances": [
        {
          "index_key": 0,
          "schema_version": 1,
          "attributes": {
            "arn": "arn:aws:ec2:us-east-1:726998074318:subnet/subnet-0bd4707700b5fb3b3",
            "assign_ipv6_address_on_creation": false,
            "availability_zone": "us-east-1a",
            "availability_zone_id": "use1-az2",
            "cidr_block": "10.0.1.0/24",
            "customer_owned_ipv4_pool": "",
            "id": "subnet-0bd4707700b5fb3b3",
            "ipv6_cidr_block": "",
            "ipv6_cidr_block_association_id": "",
            "map_customer_owned_ip_on_launch": false,
            "map_public_ip_on_launch": false,
            "outpost_arn": "",
            "owner_id": "726998074318",
            "tags": {
              "CostCenter": "devsecops",
              "EOLDate": "2050-12-01",
              "Environment": "io.rialtic.bootstrap:shared-services:0.9.0-SNAPSHOT:zip:prod",
              "Name": "shared-services-private-us-east-1a",
              "Owner": "operations",
              "Prod": "true",
              "Source": "io.rialtic.bootstrap:shared-services:0.9.0-SNAPSHOT",
              "Terraform": "true"
            },
            "tags_all": {
              "CostCenter": "devsecops",
              "EOLDate": "2050-12-01",
              "Environment": "io.rialtic.bootstrap:shared-services:0.9.0-SNAPSHOT:zip:prod",
              "Name": "shared-services-private-us-east-1a",
              "Owner": "operations",
              "Prod": "true",
              "Source": "io.rialtic.bootstrap:shared-services:0.9.0-SNAPSHOT",
              "Terraform": "true"
            },
            "timeouts": null,
            "vpc_id": "vpc-0b9db42b0a586951d"
          },
          "sensitive_attributes": [],
          "private": "eyJlMmJmYjczMC1lY2FhLTExZTYtOGY4OC0zNDM2M2JjN2M0YzAiOnsiY3JlYXRlIjo2MDAwMDAwMDAwMDAsImRlbGV0ZSI6MTIwMDAwMDAwMDAwMH0sInNjaGVtYV92ZXJzaW9uIjoiMSJ9",
          "dependencies": [
            "module.sharedservicesvpc.aws_vpc.this",
            "module.sharedservicesvpc.aws_vpc_ipv4_cidr_block_association.this"
          ]
        },
        {
          "index_key": 1,
          "schema_version": 1,
          "attributes": {
            "arn": "arn:aws:ec2:us-east-1:726998074318:subnet/subnet-03167ae0cc945bbae",
            "assign_ipv6_address_on_creation": false,
            "availability_zone": "us-east-1b",
            "availability_zone_id": "use1-az4",
            "cidr_block": "10.0.2.0/24",
            "customer_owned_ipv4_pool": "",
            "id": "subnet-03167ae0cc945bbae",
            "ipv6_cidr_block": "",
            "ipv6_cidr_block_association_id": "",
            "map_customer_owned_ip_on_launch": false,
            "map_public_ip_on_launch": false,
            "outpost_arn": "",
            "owner_id": "726998074318",
            "tags": {
              "CostCenter": "devsecops",
              "EOLDate": "2050-12-01",
              "Environment": "io.rialtic.bootstrap:shared-services:0.9.0-SNAPSHOT:zip:prod",
              "Name": "shared-services-private-us-east-1b",
              "Owner": "operations",
              "Prod": "true",
              "Source": "io.rialtic.bootstrap:shared-services:0.9.0-SNAPSHOT",
              "Terraform": "true"
            },
            "tags_all": {
              "CostCenter": "devsecops",
              "EOLDate": "2050-12-01",
              "Environment": "io.rialtic.bootstrap:shared-services:0.9.0-SNAPSHOT:zip:prod",
              "Name": "shared-services-private-us-east-1b",
              "Owner": "operations",
              "Prod": "true",
              "Source": "io.rialtic.bootstrap:shared-services:0.9.0-SNAPSHOT",
              "Terraform": "true"
            },
            "timeouts": null,
            "vpc_id": "vpc-0b9db42b0a586951d"
          },
          "sensitive_attributes": [],
          "private": "eyJlMmJmYjczMC1lY2FhLTExZTYtOGY4OC0zNDM2M2JjN2M0YzAiOnsiY3JlYXRlIjo2MDAwMDAwMDAwMDAsImRlbGV0ZSI6MTIwMDAwMDAwMDAwMH0sInNjaGVtYV92ZXJzaW9uIjoiMSJ9",
          "dependencies": [
            "module.sharedservicesvpc.aws_vpc.this",
            "module.sharedservicesvpc.aws_vpc_ipv4_cidr_block_association.this"
          ]
        },
        {
          "index_key": 2,
          "schema_version": 1,
          "attributes": {
            "arn": "arn:aws:ec2:us-east-1:726998074318:subnet/subnet-0bf755d07d1b6b0ab",
            "assign_ipv6_address_on_creation": false,
            "availability_zone": "us-east-1c",
            "availability_zone_id": "use1-az6",
            "cidr_block": "10.0.3.0/24",
            "customer_owned_ipv4_pool": "",
            "id": "subnet-0bf755d07d1b6b0ab",
            "ipv6_cidr_block": "",
            "ipv6_cidr_block_association_id": "",
            "map_customer_owned_ip_on_launch": false,
            "map_public_ip_on_launch": false,
            "outpost_arn": "",
            "owner_id": "726998074318",
            "tags": {
              "CostCenter": "devsecops",
              "EOLDate": "2050-12-01",
              "Environment": "io.rialtic.bootstrap:shared-services:0.9.0-SNAPSHOT:zip:prod",
              "Name": "shared-services-private-us-east-1c",
              "Owner": "operations",
              "Prod": "true",
              "Source": "io.rialtic.bootstrap:shared-services:0.9.0-SNAPSHOT",
              "Terraform": "true"
            },
            "tags_all": {
              "CostCenter": "devsecops",
              "EOLDate": "2050-12-01",
              "Environment": "io.rialtic.bootstrap:shared-services:0.9.0-SNAPSHOT:zip:prod",
              "Name": "shared-services-private-us-east-1c",
              "Owner": "operations",
              "Prod": "true",
              "Source": "io.rialtic.bootstrap:shared-services:0.9.0-SNAPSHOT",
              "Terraform": "true"
            },
            "timeouts": null,
            "vpc_id": "vpc-0b9db42b0a586951d"
          },
          "sensitive_attributes": [],
          "private": "eyJlMmJmYjczMC1lY2FhLTExZTYtOGY4OC0zNDM2M2JjN2M0YzAiOnsiY3JlYXRlIjo2MDAwMDAwMDAwMDAsImRlbGV0ZSI6MTIwMDAwMDAwMDAwMH0sInNjaGVtYV92ZXJzaW9uIjoiMSJ9",
          "dependencies": [
            "module.sharedservicesvpc.aws_vpc.this",
            "module.sharedservicesvpc.aws_vpc_ipv4_cidr_block_association.this"
          ]
        }
      ]
    },
    {
      "module": "module.sharedservicesvpc",
      "mode": "managed",
      "type": "aws_subnet",
      "name": "public",
      "provider": "provider[\"registry.terraform.io/hashicorp/aws\"]",
      "instances": [
        {
          "index_key": 0,
          "schema_version": 1,
          "attributes": {
            "arn": "arn:aws:ec2:us-east-1:726998074318:subnet/subnet-0fcfc7de89f1c6133",
            "assign_ipv6_address_on_creation": false,
            "availability_zone": "us-east-1a",
            "availability_zone_id": "use1-az2",
            "cidr_block": "10.0.17.0/24",
            "customer_owned_ipv4_pool": "",
            "id": "subnet-0fcfc7de89f1c6133",
            "ipv6_cidr_block": "",
            "ipv6_cidr_block_association_id": "",
            "map_customer_owned_ip_on_launch": false,
            "map_public_ip_on_launch": true,
            "outpost_arn": "",
            "owner_id": "726998074318",
            "tags": {
              "CostCenter": "devsecops",
              "EOLDate": "2050-12-01",
              "Environment": "io.rialtic.bootstrap:shared-services:0.9.0-SNAPSHOT:zip:prod",
              "Name": "shared-services-public-us-east-1a",
              "Owner": "operations",
              "Prod": "true",
              "Source": "io.rialtic.bootstrap:shared-services:0.9.0-SNAPSHOT",
              "Terraform": "true"
            },
            "tags_all": {
              "CostCenter": "devsecops",
              "EOLDate": "2050-12-01",
              "Environment": "io.rialtic.bootstrap:shared-services:0.9.0-SNAPSHOT:zip:prod",
              "Name": "shared-services-public-us-east-1a",
              "Owner": "operations",
              "Prod": "true",
              "Source": "io.rialtic.bootstrap:shared-services:0.9.0-SNAPSHOT",
              "Terraform": "true"
            },
            "timeouts": null,
            "vpc_id": "vpc-0b9db42b0a586951d"
          },
          "sensitive_attributes": [],
          "private": "eyJlMmJmYjczMC1lY2FhLTExZTYtOGY4OC0zNDM2M2JjN2M0YzAiOnsiY3JlYXRlIjo2MDAwMDAwMDAwMDAsImRlbGV0ZSI6MTIwMDAwMDAwMDAwMH0sInNjaGVtYV92ZXJzaW9uIjoiMSJ9",
          "dependencies": [
            "module.sharedservicesvpc.aws_vpc.this",
            "module.sharedservicesvpc.aws_vpc_ipv4_cidr_block_association.this"
          ],
          "create_before_destroy": true
        },
        {
          "index_key": 1,
          "schema_version": 1,
          "attributes": {
            "arn": "arn:aws:ec2:us-east-1:726998074318:subnet/subnet-0842d641587007c2e",
            "assign_ipv6_address_on_creation": false,
            "availability_zone": "us-east-1b",
            "availability_zone_id": "use1-az4",
            "cidr_block": "10.0.18.0/24",
            "customer_owned_ipv4_pool": "",
            "id": "subnet-0842d641587007c2e",
            "ipv6_cidr_block": "",
            "ipv6_cidr_block_association_id": "",
            "map_customer_owned_ip_on_launch": false,
            "map_public_ip_on_launch": true,
            "outpost_arn": "",
            "owner_id": "726998074318",
            "tags": {
              "CostCenter": "devsecops",
              "EOLDate": "2050-12-01",
              "Environment": "io.rialtic.bootstrap:shared-services:0.9.0-SNAPSHOT:zip:prod",
              "Name": "shared-services-public-us-east-1b",
              "Owner": "operations",
              "Prod": "true",
              "Source": "io.rialtic.bootstrap:shared-services:0.9.0-SNAPSHOT",
              "Terraform": "true"
            },
            "tags_all": {
              "CostCenter": "devsecops",
              "EOLDate": "2050-12-01",
              "Environment": "io.rialtic.bootstrap:shared-services:0.9.0-SNAPSHOT:zip:prod",
              "Name": "shared-services-public-us-east-1b",
              "Owner": "operations",
              "Prod": "true",
              "Source": "io.rialtic.bootstrap:shared-services:0.9.0-SNAPSHOT",
              "Terraform": "true"
            },
            "timeouts": null,
            "vpc_id": "vpc-0b9db42b0a586951d"
          },
          "sensitive_attributes": [],
          "private": "eyJlMmJmYjczMC1lY2FhLTExZTYtOGY4OC0zNDM2M2JjN2M0YzAiOnsiY3JlYXRlIjo2MDAwMDAwMDAwMDAsImRlbGV0ZSI6MTIwMDAwMDAwMDAwMH0sInNjaGVtYV92ZXJzaW9uIjoiMSJ9",
          "dependencies": [
            "module.sharedservicesvpc.aws_vpc.this",
            "module.sharedservicesvpc.aws_vpc_ipv4_cidr_block_association.this"
          ],
          "create_before_destroy": true
        },
        {
          "index_key": 2,
          "schema_version": 1,
          "attributes": {
            "arn": "arn:aws:ec2:us-east-1:726998074318:subnet/subnet-0a36b8ad484b4b855",
            "assign_ipv6_address_on_creation": false,
            "availability_zone": "us-east-1c",
            "availability_zone_id": "use1-az6",
            "cidr_block": "10.0.19.0/24",
            "customer_owned_ipv4_pool": "",
            "id": "subnet-0a36b8ad484b4b855",
            "ipv6_cidr_block": "",
            "ipv6_cidr_block_association_id": "",
            "map_customer_owned_ip_on_launch": false,
            "map_public_ip_on_launch": true,
            "outpost_arn": "",
            "owner_id": "726998074318",
            "tags": {
              "CostCenter": "devsecops",
              "EOLDate": "2050-12-01",
              "Environment": "io.rialtic.bootstrap:shared-services:0.9.0-SNAPSHOT:zip:prod",
              "Name": "shared-services-public-us-east-1c",
              "Owner": "operations",
              "Prod": "true",
              "Source": "io.rialtic.bootstrap:shared-services:0.9.0-SNAPSHOT",
              "Terraform": "true"
            },
            "tags_all": {
              "CostCenter": "devsecops",
              "EOLDate": "2050-12-01",
              "Environment": "io.rialtic.bootstrap:shared-services:0.9.0-SNAPSHOT:zip:prod",
              "Name": "shared-services-public-us-east-1c",
              "Owner": "operations",
              "Prod": "true",
              "Source": "io.rialtic.bootstrap:shared-services:0.9.0-SNAPSHOT",
              "Terraform": "true"
            },
            "timeouts": null,
            "vpc_id": "vpc-0b9db42b0a586951d"
          },
          "sensitive_attributes": [],
          "private": "eyJlMmJmYjczMC1lY2FhLTExZTYtOGY4OC0zNDM2M2JjN2M0YzAiOnsiY3JlYXRlIjo2MDAwMDAwMDAwMDAsImRlbGV0ZSI6MTIwMDAwMDAwMDAwMH0sInNjaGVtYV92ZXJzaW9uIjoiMSJ9",
          "dependencies": [
            "module.sharedservicesvpc.aws_vpc.this",
            "module.sharedservicesvpc.aws_vpc_ipv4_cidr_block_association.this"
          ],
          "create_before_destroy": true
        }
      ]
    },
    {
      "module": "module.sharedservicesvpc",
      "mode": "managed",
      "type": "aws_vpc",
      "name": "this",
      "provider": "provider[\"registry.terraform.io/hashicorp/aws\"]",
      "instances": [
        {
          "index_key": 0,
          "schema_version": 1,
          "attributes": {
            "arn": "arn:aws:ec2:us-east-1:726998074318:vpc/vpc-0b9db42b0a586951d",
            "assign_generated_ipv6_cidr_block": false,
            "cidr_block": "10.0.0.0/16",
            "default_network_acl_id": "acl-0b24b2d15928fee5e",
            "default_route_table_id": "rtb-031ae6ac6f1491fa2",
            "default_security_group_id": "sg-0d70b17df37264ac0",
            "dhcp_options_id": "dopt-79fb6003",
            "enable_classiclink": false,
            "enable_classiclink_dns_support": false,
            "enable_dns_hostnames": true,
            "enable_dns_support": true,
            "id": "vpc-0b9db42b0a586951d",
            "instance_tenancy": "default",
            "ipv6_association_id": "",
            "ipv6_cidr_block": "",
            "main_route_table_id": "rtb-031ae6ac6f1491fa2",
            "owner_id": "726998074318",
            "tags": {
              "CostCenter": "devsecops",
              "EOLDate": "2050-12-01",
              "Environment": "io.rialtic.bootstrap:shared-services:0.9.0-SNAPSHOT:zip:prod",
              "Name": "shared-services",
              "Owner": "operations",
              "Prod": "true",
              "Source": "io.rialtic.bootstrap:shared-services:0.9.0-SNAPSHOT",
              "Terraform": "true"
            },
            "tags_all": {
              "CostCenter": "devsecops",
              "EOLDate": "2050-12-01",
              "Environment": "io.rialtic.bootstrap:shared-services:0.9.0-SNAPSHOT:zip:prod",
              "Name": "shared-services",
              "Owner": "operations",
              "Prod": "true",
              "Source": "io.rialtic.bootstrap:shared-services:0.9.0-SNAPSHOT",
              "Terraform": "true"
            }
          },
          "sensitive_attributes": [],
          "private": "eyJzY2hlbWFfdmVyc2lvbiI6IjEifQ==",
          "create_before_destroy": true
        }
      ]
    }
  ]
}
